// !$*UTF8*$!
{
	archiveVersion = 1;
	classes = {
	};
	objectVersion = 50;
	objects = {

/* Begin PBXBuildFile section */
		6B7ECBC9265E7973009F799D /* ToDobacedOnGuideApp.swift in Sources */ = {isa = PBXBuildFile; fileRef = 6B7ECBC8265E7973009F799D /* ToDobacedOnGuideApp.swift */; };
		6B7ECBCB265E7973009F799D /* ContentView.swift in Sources */ = {isa = PBXBuildFile; fileRef = 6B7ECBCA265E7973009F799D /* ContentView.swift */; };
		6B7ECBCD265E7975009F799D /* Assets.xcassets in Resources */ = {isa = PBXBuildFile; fileRef = 6B7ECBCC265E7975009F799D /* Assets.xcassets */; };
		6B7ECBD0265E7975009F799D /* Preview Assets.xcassets in Resources */ = {isa = PBXBuildFile; fileRef = 6B7ECBCF265E7975009F799D /* Preview Assets.xcassets */; };
		6B7ECBE4265E84E0009F799D /* ToDoElement.swift in Sources */ = {isa = PBXBuildFile; fileRef = 6B7ECBE3265E84E0009F799D /* ToDoElement.swift */; };
		6B7ECBE7265E851A009F799D /* ToDoList.swift in Sources */ = {isa = PBXBuildFile; fileRef = 6B7ECBE6265E851A009F799D /* ToDoList.swift */; };
		6B8DDD6C26666281007B9209 /* toDoData.json in Resources */ = {isa = PBXBuildFile; fileRef = 6B8DDD6B26666281007B9209 /* toDoData.json */; };
		6B8DDD712666672A007B9209 /* JsonConverter.swift in Sources */ = {isa = PBXBuildFile; fileRef = 6B8DDD702666672A007B9209 /* JsonConverter.swift */; };
		6B8DDD7826667A07007B9209 /* MainView.swift in Sources */ = {isa = PBXBuildFile; fileRef = 6B8DDD7726667A07007B9209 /* MainView.swift */; };
		6B8DDD7B26667B26007B9209 /* Archive.swift in Sources */ = {isa = PBXBuildFile; fileRef = 6B8DDD7A26667B26007B9209 /* Archive.swift */; };
		6B8DDD7E26667F9A007B9209 /* Trash.swift in Sources */ = {isa = PBXBuildFile; fileRef = 6B8DDD7D26667F9A007B9209 /* Trash.swift */; };
		6BD80664265FB6AA00B10100 /* CheckButton.swift in Sources */ = {isa = PBXBuildFile; fileRef = 6BD80663265FB6AA00B10100 /* CheckButton.swift */; };
		6BD8066A265FDF1200B10100 /* AddToDoPage.swift in Sources */ = {isa = PBXBuildFile; fileRef = 6BD80669265FDF1200B10100 /* AddToDoPage.swift */; };
/* End PBXBuildFile section */

/* Begin PBXFileReference section */
		6B7ECBC5265E7973009F799D /* ToDobacedOnGuide.app */ = {isa = PBXFileReference; explicitFileType = wrapper.application; includeInIndex = 0; path = ToDobacedOnGuide.app; sourceTree = BUILT_PRODUCTS_DIR; };
		6B7ECBC8265E7973009F799D /* ToDobacedOnGuideApp.swift */ = {isa = PBXFileReference; lastKnownFileType = sourcecode.swift; path = ToDobacedOnGuideApp.swift; sourceTree = "<group>"; };
		6B7ECBCA265E7973009F799D /* ContentView.swift */ = {isa = PBXFileReference; lastKnownFileType = sourcecode.swift; path = ContentView.swift; sourceTree = "<group>"; };
		6B7ECBCC265E7975009F799D /* Assets.xcassets */ = {isa = PBXFileReference; lastKnownFileType = folder.assetcatalog; path = Assets.xcassets; sourceTree = "<group>"; };
		6B7ECBCF265E7975009F799D /* Preview Assets.xcassets */ = {isa = PBXFileReference; lastKnownFileType = folder.assetcatalog; path = "Preview Assets.xcassets"; sourceTree = "<group>"; };
		6B7ECBD1265E7975009F799D /* Info.plist */ = {isa = PBXFileReference; lastKnownFileType = text.plist.xml; path = Info.plist; sourceTree = "<group>"; };
		6B7ECBE3265E84E0009F799D /* ToDoElement.swift */ = {isa = PBXFileReference; lastKnownFileType = sourcecode.swift; path = ToDoElement.swift; sourceTree = "<group>"; };
		6B7ECBE6265E851A009F799D /* ToDoList.swift */ = {isa = PBXFileReference; lastKnownFileType = sourcecode.swift; path = ToDoList.swift; sourceTree = "<group>"; };
		6B8DDD6B26666281007B9209 /* toDoData.json */ = {isa = PBXFileReference; lastKnownFileType = text.json; path = toDoData.json; sourceTree = "<group>"; };
		6B8DDD702666672A007B9209 /* JsonConverter.swift */ = {isa = PBXFileReference; lastKnownFileType = sourcecode.swift; path = JsonConverter.swift; sourceTree = "<group>"; };
		6B8DDD7726667A07007B9209 /* MainView.swift */ = {isa = PBXFileReference; lastKnownFileType = sourcecode.swift; path = MainView.swift; sourceTree = "<group>"; };
		6B8DDD7A26667B26007B9209 /* Archive.swift */ = {isa = PBXFileReference; lastKnownFileType = sourcecode.swift; path = Archive.swift; sourceTree = "<group>"; };
		6B8DDD7D26667F9A007B9209 /* Trash.swift */ = {isa = PBXFileReference; lastKnownFileType = sourcecode.swift; path = Trash.swift; sourceTree = "<group>"; };
		6BD80663265FB6AA00B10100 /* CheckButton.swift */ = {isa = PBXFileReference; lastKnownFileType = sourcecode.swift; path = CheckButton.swift; sourceTree = "<group>"; };
		6BD80669265FDF1200B10100 /* AddToDoPage.swift */ = {isa = PBXFileReference; lastKnownFileType = sourcecode.swift; path = AddToDoPage.swift; sourceTree = "<group>"; };
/* End PBXFileReference section */

/* Begin PBXFrameworksBuildPhase section */
		6B7ECBC2265E7973009F799D /* Frameworks */ = {
			isa = PBXFrameworksBuildPhase;
			buildActionMask = 2147483647;
			files = (
			);
			runOnlyForDeploymentPostprocessing = 0;
		};
/* End PBXFrameworksBuildPhase section */

/* Begin PBXGroup section */
		2367E938267554E8008740ED /* Models */ = {
			isa = PBXGroup;
			children = (
				6B7ECBC8265E7973009F799D /* ToDobacedOnGuideApp.swift */,
				6B7ECBE6265E851A009F799D /* ToDoList.swift */,
				6B7ECBCA265E7973009F799D /* ContentView.swift */,
				6B8DDD7726667A07007B9209 /* MainView.swift */,
				6B8DDD7A26667B26007B9209 /* Archive.swift */,
				6B8DDD7D26667F9A007B9209 /* Trash.swift */,
				6BD80669265FDF1200B10100 /* AddToDoPage.swift */,
			);
			path = Models;
			sourceTree = "<group>";
		};
		2367E939267554FA008740ED /* Components */ = {
			isa = PBXGroup;
			children = (
				6B7ECBE3265E84E0009F799D /* ToDoElement.swift */,
				6BD80663265FB6AA00B10100 /* CheckButton.swift */,
			);
			path = Components;
			sourceTree = "<group>";
		};
		2367E93A26755511008740ED /* Helpers */ = {
			isa = PBXGroup;
			children = (
				6B8DDD702666672A007B9209 /* JsonConverter.swift */,
			);
			path = Helpers;
			sourceTree = "<group>";
		};
		6B7ECBBC265E7973009F799D = {
			isa = PBXGroup;
			children = (
				6B7ECBC7265E7973009F799D /* ToDobacedOnGuide */,
				6B7ECBC6265E7973009F799D /* Products */,
			);
			sourceTree = "<group>";
			usesTabs = 0;
		};
		6B7ECBC6265E7973009F799D /* Products */ = {
			isa = PBXGroup;
			children = (
				6B7ECBC5265E7973009F799D /* ToDobacedOnGuide.app */,
			);
			name = Products;
			sourceTree = "<group>";
		};
		6B7ECBC7265E7973009F799D /* ToDobacedOnGuide */ = {
			isa = PBXGroup;
			children = (
				2367E93A26755511008740ED /* Helpers */,
				2367E939267554FA008740ED /* Components */,
				2367E938267554E8008740ED /* Models */,
				6B8DDD6E266662BF007B9209 /* Resources */,
				6B7ECBCC265E7975009F799D /* Assets.xcassets */,
				6B7ECBD1265E7975009F799D /* Info.plist */,
				6B7ECBCE265E7975009F799D /* Preview Content */,
			);
			path = ToDobacedOnGuide;
			sourceTree = "<group>";
		};
		6B7ECBCE265E7975009F799D /* Preview Content */ = {
			isa = PBXGroup;
			children = (
				6B7ECBCF265E7975009F799D /* Preview Assets.xcassets */,
			);
			path = "Preview Content";
			sourceTree = "<group>";
		};
		6B8DDD6E266662BF007B9209 /* Resources */ = {
			isa = PBXGroup;
			children = (
				6B8DDD6B26666281007B9209 /* toDoData.json */,
			);
			path = Resources;
			sourceTree = "<group>";
		};
/* End PBXGroup section */

/* Begin PBXNativeTarget section */
		6B7ECBC4265E7973009F799D /* ToDobacedOnGuide */ = {
			isa = PBXNativeTarget;
			buildConfigurationList = 6B7ECBD4265E7975009F799D /* Build configuration list for PBXNativeTarget "ToDobacedOnGuide" */;
			buildPhases = (
				6B7ECBC1265E7973009F799D /* Sources */,
				6B7ECBC2265E7973009F799D /* Frameworks */,
				6B7ECBC3265E7973009F799D /* Resources */,
			);
			buildRules = (
			);
			dependencies = (
			);
			name = ToDobacedOnGuide;
			productName = ToDobacedOnGuide;
			productReference = 6B7ECBC5265E7973009F799D /* ToDobacedOnGuide.app */;
			productType = "com.apple.product-type.application";
		};
/* End PBXNativeTarget section */

/* Begin PBXProject section */
		6B7ECBBD265E7973009F799D /* Project object */ = {
			isa = PBXProject;
			attributes = {
				LastSwiftUpdateCheck = 1240;
				LastUpgradeCheck = 1240;
				TargetAttributes = {
					6B7ECBC4265E7973009F799D = {
						CreatedOnToolsVersion = 12.4;
					};
				};
			};
			buildConfigurationList = 6B7ECBC0265E7973009F799D /* Build configuration list for PBXProject "ToDobacedOnGuide" */;
			compatibilityVersion = "Xcode 9.3";
			developmentRegion = en;
			hasScannedForEncodings = 0;
			knownRegions = (
				en,
				Base,
			);
			mainGroup = 6B7ECBBC265E7973009F799D;
			productRefGroup = 6B7ECBC6265E7973009F799D /* Products */;
			projectDirPath = "";
			projectRoot = "";
			targets = (
				6B7ECBC4265E7973009F799D /* ToDobacedOnGuide */,
			);
		};
/* End PBXProject section */

/* Begin PBXResourcesBuildPhase section */
		6B7ECBC3265E7973009F799D /* Resources */ = {
			isa = PBXResourcesBuildPhase;
			buildActionMask = 2147483647;
			files = (
				6B7ECBD0265E7975009F799D /* Preview Assets.xcassets in Resources */,
				6B7ECBCD265E7975009F799D /* Assets.xcassets in Resources */,
				6B8DDD6C26666281007B9209 /* toDoData.json in Resources */,
			);
			runOnlyForDeploymentPostprocessing = 0;
		};
/* End PBXResourcesBuildPhase section */

/* Begin PBXSourcesBuildPhase section */
		6B7ECBC1265E7973009F799D /* Sources */ = {
			isa = PBXSourcesBuildPhase;
			buildActionMask = 2147483647;
			files = (
				6B8DDD7B26667B26007B9209 /* Archive.swift in Sources */,
				6B7ECBE7265E851A009F799D /* ToDoList.swift in Sources */,
				6B8DDD7826667A07007B9209 /* MainView.swift in Sources */,
				6BD8066A265FDF1200B10100 /* AddToDoPage.swift in Sources */,
				6B7ECBCB265E7973009F799D /* ContentView.swift in Sources */,
				6B8DDD7E26667F9A007B9209 /* Trash.swift in Sources */,
				6B7ECBE4265E84E0009F799D /* ToDoElement.swift in Sources */,
				6BD80664265FB6AA00B10100 /* CheckButton.swift in Sources */,
				6B7ECBC9265E7973009F799D /* ToDobacedOnGuideApp.swift in Sources */,
				6B8DDD712666672A007B9209 /* JsonConverter.swift in Sources */,
			);
			runOnlyForDeploymentPostprocessing = 0;
		};
/* End PBXSourcesBuildPhase section */

/* Begin XCBuildConfiguration section */
		6B7ECBD2265E7975009F799D /* Debug */ = {
			isa = XCBuildConfiguration;
			buildSettings = {
				ALWAYS_SEARCH_USER_PATHS = NO;
				CLANG_ANALYZER_NONNULL = YES;
				CLANG_ANALYZER_NUMBER_OBJECT_CONVERSION = YES_AGGRESSIVE;
				CLANG_CXX_LANGUAGE_STANDARD = "gnu++14";
				CLANG_CXX_LIBRARY = "libc++";
				CLANG_ENABLE_MODULES = YES;
				CLANG_ENABLE_OBJC_ARC = YES;
				CLANG_ENABLE_OBJC_WEAK = YES;
				CLANG_WARN_BLOCK_CAPTURE_AUTORELEASING = YES;
				CLANG_WARN_BOOL_CONVERSION = YES;
				CLANG_WARN_COMMA = YES;
				CLANG_WARN_CONSTANT_CONVERSION = YES;
				CLANG_WARN_DEPRECATED_OBJC_IMPLEMENTATIONS = YES;
				CLANG_WARN_DIRECT_OBJC_ISA_USAGE = YES_ERROR;
				CLANG_WARN_DOCUMENTATION_COMMENTS = YES;
				CLANG_WARN_EMPTY_BODY = YES;
				CLANG_WARN_ENUM_CONVERSION = YES;
				CLANG_WARN_INFINITE_RECURSION = YES;
				CLANG_WARN_INT_CONVERSION = YES;
				CLANG_WARN_NON_LITERAL_NULL_CONVERSION = YES;
				CLANG_WARN_OBJC_IMPLICIT_RETAIN_SELF = YES;
				CLANG_WARN_OBJC_LITERAL_CONVERSION = YES;
				CLANG_WARN_OBJC_ROOT_CLASS = YES_ERROR;
				CLANG_WARN_QUOTED_INCLUDE_IN_FRAMEWORK_HEADER = YES;
				CLANG_WARN_RANGE_LOOP_ANALYSIS = YES;
				CLANG_WARN_STRICT_PROTOTYPES = YES;
				CLANG_WARN_SUSPICIOUS_MOVE = YES;
				CLANG_WARN_UNGUARDED_AVAILABILITY = YES_AGGRESSIVE;
				CLANG_WARN_UNREACHABLE_CODE = YES;
				CLANG_WARN__DUPLICATE_METHOD_MATCH = YES;
				COPY_PHASE_STRIP = NO;
				DEBUG_INFORMATION_FORMAT = dwarf;
				ENABLE_STRICT_OBJC_MSGSEND = YES;
				ENABLE_TESTABILITY = YES;
				GCC_C_LANGUAGE_STANDARD = gnu11;
				GCC_DYNAMIC_NO_PIC = NO;
				GCC_NO_COMMON_BLOCKS = YES;
				GCC_OPTIMIZATION_LEVEL = 0;
				GCC_PREPROCESSOR_DEFINITIONS = (
					"DEBUG=1",
					"$(inherited)",
				);
				GCC_WARN_64_TO_32_BIT_CONVERSION = YES;
				GCC_WARN_ABOUT_RETURN_TYPE = YES_ERROR;
				GCC_WARN_UNDECLARED_SELECTOR = YES;
				GCC_WARN_UNINITIALIZED_AUTOS = YES_AGGRESSIVE;
				GCC_WARN_UNUSED_FUNCTION = YES;
				GCC_WARN_UNUSED_VARIABLE = YES;
				IPHONEOS_DEPLOYMENT_TARGET = 14.4;
				MTL_ENABLE_DEBUG_INFO = INCLUDE_SOURCE;
				MTL_FAST_MATH = YES;
				ONLY_ACTIVE_ARCH = YES;
				SDKROOT = iphoneos;
				SWIFT_ACTIVE_COMPILATION_CONDITIONS = DEBUG;
				SWIFT_OPTIMIZATION_LEVEL = "-Onone";
			};
			name = Debug;
		};
		6B7ECBD3265E7975009F799D /* Release */ = {
			isa = XCBuildConfiguration;
			buildSettings = {
				ALWAYS_SEARCH_USER_PATHS = NO;
				CLANG_ANALYZER_NONNULL = YES;
				CLANG_ANALYZER_NUMBER_OBJECT_CONVERSION = YES_AGGRESSIVE;
				CLANG_CXX_LANGUAGE_STANDARD = "gnu++14";
				CLANG_CXX_LIBRARY = "libc++";
				CLANG_ENABLE_MODULES = YES;
				CLANG_ENABLE_OBJC_ARC = YES;
				CLANG_ENABLE_OBJC_WEAK = YES;
				CLANG_WARN_BLOCK_CAPTURE_AUTORELEASING = YES;
				CLANG_WARN_BOOL_CONVERSION = YES;
				CLANG_WARN_COMMA = YES;
				CLANG_WARN_CONSTANT_CONVERSION = YES;
				CLANG_WARN_DEPRECATED_OBJC_IMPLEMENTATIONS = YES;
				CLANG_WARN_DIRECT_OBJC_ISA_USAGE = YES_ERROR;
				CLANG_WARN_DOCUMENTATION_COMMENTS = YES;
				CLANG_WARN_EMPTY_BODY = YES;
				CLANG_WARN_ENUM_CONVERSION = YES;
				CLANG_WARN_INFINITE_RECURSION = YES;
				CLANG_WARN_INT_CONVERSION = YES;
				CLANG_WARN_NON_LITERAL_NULL_CONVERSION = YES;
				CLANG_WARN_OBJC_IMPLICIT_RETAIN_SELF = YES;
				CLANG_WARN_OBJC_LITERAL_CONVERSION = YES;
				CLANG_WARN_OBJC_ROOT_CLASS = YES_ERROR;
				CLANG_WARN_QUOTED_INCLUDE_IN_FRAMEWORK_HEADER = YES;
				CLANG_WARN_RANGE_LOOP_ANALYSIS = YES;
				CLANG_WARN_STRICT_PROTOTYPES = YES;
				CLANG_WARN_SUSPICIOUS_MOVE = YES;
				CLANG_WARN_UNGUARDED_AVAILABILITY = YES_AGGRESSIVE;
				CLANG_WARN_UNREACHABLE_CODE = YES;
				CLANG_WARN__DUPLICATE_METHOD_MATCH = YES;
				COPY_PHASE_STRIP = NO;
				DEBUG_INFORMATION_FORMAT = "dwarf-with-dsym";
				ENABLE_NS_ASSERTIONS = NO;
				ENABLE_STRICT_OBJC_MSGSEND = YES;
				GCC_C_LANGUAGE_STANDARD = gnu11;
				GCC_NO_COMMON_BLOCKS = YES;
				GCC_WARN_64_TO_32_BIT_CONVERSION = YES;
				GCC_WARN_ABOUT_RETURN_TYPE = YES_ERROR;
				GCC_WARN_UNDECLARED_SELECTOR = YES;
				GCC_WARN_UNINITIALIZED_AUTOS = YES_AGGRESSIVE;
				GCC_WARN_UNUSED_FUNCTION = YES;
				GCC_WARN_UNUSED_VARIABLE = YES;
				IPHONEOS_DEPLOYMENT_TARGET = 14.4;
				MTL_ENABLE_DEBUG_INFO = NO;
				MTL_FAST_MATH = YES;
				SDKROOT = iphoneos;
				SWIFT_COMPILATION_MODE = wholemodule;
				SWIFT_OPTIMIZATION_LEVEL = "-O";
				VALIDATE_PRODUCT = YES;
			};
			name = Release;
		};
		6B7ECBD5265E7975009F799D /* Debug */ = {
			isa = XCBuildConfiguration;
			buildSettings = {
				ASSETCATALOG_COMPILER_APPICON_NAME = AppIcon;
				ASSETCATALOG_COMPILER_GLOBAL_ACCENT_COLOR_NAME = AccentColor;
				CODE_SIGN_STYLE = Automatic;
				DEVELOPMENT_ASSET_PATHS = "\"ToDobacedOnGuide/Preview Content\"";
				DEVELOPMENT_TEAM = H6B86YYVQ7;
				ENABLE_PREVIEWS = YES;
				INFOPLIST_FILE = ToDobacedOnGuide/Info.plist;
				IPHONEOS_DEPLOYMENT_TARGET = 14.0;
				LD_RUNPATH_SEARCH_PATHS = (
					"$(inherited)",
					"@executable_path/Frameworks",
				);
				PRODUCT_BUNDLE_IDENTIFIER = Garpix.ToDobacedOnGuide.Artur;
				PRODUCT_NAME = "$(TARGET_NAME)";
				SWIFT_VERSION = 5.0;
				TARGETED_DEVICE_FAMILY = "1,2";
			};
			name = Debug;
		};
		6B7ECBD6265E7975009F799D /* Release */ = {
			isa = XCBuildConfiguration;
			buildSettings = {
				ASSETCATALOG_COMPILER_APPICON_NAME = AppIcon;
				ASSETCATALOG_COMPILER_GLOBAL_ACCENT_COLOR_NAME = AccentColor;
				CODE_SIGN_STYLE = Automatic;
				DEVELOPMENT_ASSET_PATHS = "\"ToDobacedOnGuide/Preview Content\"";
				DEVELOPMENT_TEAM = H6B86YYVQ7;
				ENABLE_PREVIEWS = YES;
				INFOPLIST_FILE = ToDobacedOnGuide/Info.plist;
				IPHONEOS_DEPLOYMENT_TARGET = 14.0;
				LD_RUNPATH_SEARCH_PATHS = (
					"$(inherited)",
					"@executable_path/Frameworks",
				);
				PRODUCT_BUNDLE_IDENTIFIER = Garpix.ToDobacedOnGuide.Artur;
				PRODUCT_NAME = "$(TARGET_NAME)";
				SWIFT_VERSION = 5.0;
				TARGETED_DEVICE_FAMILY = "1,2";
			};
			name = Release;
		};
/* End XCBuildConfiguration section */

/* Begin XCConfigurationList section */
		6B7ECBC0265E7973009F799D /* Build configuration list for PBXProject "ToDobacedOnGuide" */ = {
			isa = XCConfigurationList;
			buildConfigurations = (
				6B7ECBD2265E7975009F799D /* Debug */,
				6B7ECBD3265E7975009F799D /* Release */,
			);
			defaultConfigurationIsVisible = 0;
			defaultConfigurationName = Release;
		};
		6B7ECBD4265E7975009F799D /* Build configuration list for PBXNativeTarget "ToDobacedOnGuide" */ = {
			isa = XCConfigurationList;
			buildConfigurations = (
				6B7ECBD5265E7975009F799D /* Debug */,
				6B7ECBD6265E7975009F799D /* Release */,
			);
			defaultConfigurationIsVisible = 0;
			defaultConfigurationName = Release;
		};
/* End XCConfigurationList section */
	};
	rootObject = 6B7ECBBD265E7973009F799D /* Project object */;
}
