// !$*UTF8*$!
{
	archiveVersion = 1;
	classes = {
	};
	objectVersion = 50;
	objects = {

/* Begin PBXBuildFile section */
		0A49C222263163760035D6DE /* MintApp.swift in Sources */ = {isa = PBXBuildFile; fileRef = 0A49C221263163760035D6DE /* MintApp.swift */; };
		0A49C224263163760035D6DE /* ContentView.swift in Sources */ = {isa = PBXBuildFile; fileRef = 0A49C223263163760035D6DE /* ContentView.swift */; };
		0A49C226263163780035D6DE /* Assets.xcassets in Resources */ = {isa = PBXBuildFile; fileRef = 0A49C225263163780035D6DE /* Assets.xcassets */; };
		0A49C229263163780035D6DE /* Preview Assets.xcassets in Resources */ = {isa = PBXBuildFile; fileRef = 0A49C228263163780035D6DE /* Preview Assets.xcassets */; };
		0A49C234263163780035D6DE /* MintTests.swift in Sources */ = {isa = PBXBuildFile; fileRef = 0A49C233263163780035D6DE /* MintTests.swift */; };
		0A49C23F263163780035D6DE /* MintUITests.swift in Sources */ = {isa = PBXBuildFile; fileRef = 0A49C23E263163780035D6DE /* MintUITests.swift */; };
		0A49C250263181EA0035D6DE /* TaskCardView.swift in Sources */ = {isa = PBXBuildFile; fileRef = 0A49C24F263181EA0035D6DE /* TaskCardView.swift */; };
		0A49C2552631D0FA0035D6DE /* DoneButtonView.swift in Sources */ = {isa = PBXBuildFile; fileRef = 0A49C2542631D0FA0035D6DE /* DoneButtonView.swift */; };
		0A66EFA42631EBF30080D509 /* AddTaskView.swift in Sources */ = {isa = PBXBuildFile; fileRef = 0A66EFA32631EBF30080D509 /* AddTaskView.swift */; };
		0ACD5E6B26331A48001FD17A /* Task.swift in Sources */ = {isa = PBXBuildFile; fileRef = 0ACD5E6A26331A48001FD17A /* Task.swift */; };
		0ACD5E7026332072001FD17A /* TaskList.swift in Sources */ = {isa = PBXBuildFile; fileRef = 0ACD5E6F26332072001FD17A /* TaskList.swift */; };
/* End PBXBuildFile section */

/* Begin PBXContainerItemProxy section */
		0A49C230263163780035D6DE /* PBXContainerItemProxy */ = {
			isa = PBXContainerItemProxy;
			containerPortal = 0A49C216263163760035D6DE /* Project object */;
			proxyType = 1;
			remoteGlobalIDString = 0A49C21D263163760035D6DE;
			remoteInfo = Mint;
		};
		0A49C23B263163780035D6DE /* PBXContainerItemProxy */ = {
			isa = PBXContainerItemProxy;
			containerPortal = 0A49C216263163760035D6DE /* Project object */;
			proxyType = 1;
			remoteGlobalIDString = 0A49C21D263163760035D6DE;
			remoteInfo = Mint;
		};
/* End PBXContainerItemProxy section */

/* Begin PBXFileReference section */
		0A49C21E263163760035D6DE /* Mint.app */ = {isa = PBXFileReference; explicitFileType = wrapper.application; includeInIndex = 0; path = Mint.app; sourceTree = BUILT_PRODUCTS_DIR; };
		0A49C221263163760035D6DE /* MintApp.swift */ = {isa = PBXFileReference; lastKnownFileType = sourcecode.swift; path = MintApp.swift; sourceTree = "<group>"; };
		0A49C223263163760035D6DE /* ContentView.swift */ = {isa = PBXFileReference; lastKnownFileType = sourcecode.swift; path = ContentView.swift; sourceTree = "<group>"; };
		0A49C225263163780035D6DE /* Assets.xcassets */ = {isa = PBXFileReference; lastKnownFileType = folder.assetcatalog; path = Assets.xcassets; sourceTree = "<group>"; };
		0A49C228263163780035D6DE /* Preview Assets.xcassets */ = {isa = PBXFileReference; lastKnownFileType = folder.assetcatalog; path = "Preview Assets.xcassets"; sourceTree = "<group>"; };
		0A49C22A263163780035D6DE /* Info.plist */ = {isa = PBXFileReference; lastKnownFileType = text.plist.xml; path = Info.plist; sourceTree = "<group>"; };
		0A49C22F263163780035D6DE /* MintTests.xctest */ = {isa = PBXFileReference; explicitFileType = wrapper.cfbundle; includeInIndex = 0; path = MintTests.xctest; sourceTree = BUILT_PRODUCTS_DIR; };
		0A49C233263163780035D6DE /* MintTests.swift */ = {isa = PBXFileReference; lastKnownFileType = sourcecode.swift; path = MintTests.swift; sourceTree = "<group>"; };
		0A49C235263163780035D6DE /* Info.plist */ = {isa = PBXFileReference; lastKnownFileType = text.plist.xml; path = Info.plist; sourceTree = "<group>"; };
		0A49C23A263163780035D6DE /* MintUITests.xctest */ = {isa = PBXFileReference; explicitFileType = wrapper.cfbundle; includeInIndex = 0; path = MintUITests.xctest; sourceTree = BUILT_PRODUCTS_DIR; };
		0A49C23E263163780035D6DE /* MintUITests.swift */ = {isa = PBXFileReference; lastKnownFileType = sourcecode.swift; path = MintUITests.swift; sourceTree = "<group>"; };
		0A49C240263163780035D6DE /* Info.plist */ = {isa = PBXFileReference; lastKnownFileType = text.plist.xml; path = Info.plist; sourceTree = "<group>"; };
		0A49C24F263181EA0035D6DE /* TaskCardView.swift */ = {isa = PBXFileReference; lastKnownFileType = sourcecode.swift; path = TaskCardView.swift; sourceTree = "<group>"; };
		0A49C2542631D0FA0035D6DE /* DoneButtonView.swift */ = {isa = PBXFileReference; lastKnownFileType = sourcecode.swift; path = DoneButtonView.swift; sourceTree = "<group>"; };
		0A66EFA32631EBF30080D509 /* AddTaskView.swift */ = {isa = PBXFileReference; lastKnownFileType = sourcecode.swift; path = AddTaskView.swift; sourceTree = "<group>"; };
		0ACD5E6A26331A48001FD17A /* Task.swift */ = {isa = PBXFileReference; lastKnownFileType = sourcecode.swift; path = Task.swift; sourceTree = "<group>"; };
		0ACD5E6F26332072001FD17A /* TaskList.swift */ = {isa = PBXFileReference; lastKnownFileType = sourcecode.swift; path = TaskList.swift; sourceTree = "<group>"; };
/* End PBXFileReference section */

/* Begin PBXFrameworksBuildPhase section */
		0A49C21B263163760035D6DE /* Frameworks */ = {
			isa = PBXFrameworksBuildPhase;
			buildActionMask = 2147483647;
			files = (
			);
			runOnlyForDeploymentPostprocessing = 0;
		};
		0A49C22C263163780035D6DE /* Frameworks */ = {
			isa = PBXFrameworksBuildPhase;
			buildActionMask = 2147483647;
			files = (
			);
			runOnlyForDeploymentPostprocessing = 0;
		};
		0A49C237263163780035D6DE /* Frameworks */ = {
			isa = PBXFrameworksBuildPhase;
			buildActionMask = 2147483647;
			files = (
			);
			runOnlyForDeploymentPostprocessing = 0;
		};
/* End PBXFrameworksBuildPhase section */

/* Begin PBXGroup section */
		0A49C215263163760035D6DE = {
			isa = PBXGroup;
			children = (
				0A49C220263163760035D6DE /* Mint */,
				0A49C232263163780035D6DE /* MintTests */,
				0A49C23D263163780035D6DE /* MintUITests */,
				0A49C21F263163760035D6DE /* Products */,
			);
			sourceTree = "<group>";
		};
		0A49C21F263163760035D6DE /* Products */ = {
			isa = PBXGroup;
			children = (
				0A49C21E263163760035D6DE /* Mint.app */,
				0A49C22F263163780035D6DE /* MintTests.xctest */,
				0A49C23A263163780035D6DE /* MintUITests.xctest */,
			);
			name = Products;
			sourceTree = "<group>";
		};
		0A49C220263163760035D6DE /* Mint */ = {
			isa = PBXGroup;
			children = (
				0ACD5E7926332BA8001FD17A /* ViewModel */,
				0ACD5E7826332B94001FD17A /* View */,
				0ACD5E7426332B16001FD17A /* Model */,
				0A49C221263163760035D6DE /* MintApp.swift */,
				0A49C225263163780035D6DE /* Assets.xcassets */,
				0A49C22A263163780035D6DE /* Info.plist */,
				0A49C227263163780035D6DE /* Preview Content */,
			);
			path = Mint;
			sourceTree = "<group>";
		};
		0A49C227263163780035D6DE /* Preview Content */ = {
			isa = PBXGroup;
			children = (
				0A49C228263163780035D6DE /* Preview Assets.xcassets */,
			);
			path = "Preview Content";
			sourceTree = "<group>";
		};
		0A49C232263163780035D6DE /* MintTests */ = {
			isa = PBXGroup;
			children = (
				0A49C233263163780035D6DE /* MintTests.swift */,
				0A49C235263163780035D6DE /* Info.plist */,
			);
			path = MintTests;
			sourceTree = "<group>";
		};
		0A49C23D263163780035D6DE /* MintUITests */ = {
			isa = PBXGroup;
			children = (
				0A49C23E263163780035D6DE /* MintUITests.swift */,
				0A49C240263163780035D6DE /* Info.plist */,
			);
			path = MintUITests;
			sourceTree = "<group>";
		};
		0ACD5E7426332B16001FD17A /* Model */ = {
			isa = PBXGroup;
			children = (
				0ACD5E6A26331A48001FD17A /* Task.swift */,
			);
			path = Model;
			sourceTree = "<group>";
		};
		0ACD5E7826332B94001FD17A /* View */ = {
			isa = PBXGroup;
			children = (
				0A49C223263163760035D6DE /* ContentView.swift */,
				0A49C24F263181EA0035D6DE /* TaskCardView.swift */,
				0A49C2542631D0FA0035D6DE /* DoneButtonView.swift */,
				0A66EFA32631EBF30080D509 /* AddTaskView.swift */,
			);
			path = View;
			sourceTree = "<group>";
		};
		0ACD5E7926332BA8001FD17A /* ViewModel */ = {
			isa = PBXGroup;
			children = (
				0ACD5E6F26332072001FD17A /* TaskList.swift */,
			);
			path = ViewModel;
			sourceTree = "<group>";
		};
/* End PBXGroup section */

/* Begin PBXNativeTarget section */
		0A49C21D263163760035D6DE /* Mint */ = {
			isa = PBXNativeTarget;
			buildConfigurationList = 0A49C243263163780035D6DE /* Build configuration list for PBXNativeTarget "Mint" */;
			buildPhases = (
				0A49C21A263163760035D6DE /* Sources */,
				0A49C21B263163760035D6DE /* Frameworks */,
				0A49C21C263163760035D6DE /* Resources */,
			);
			buildRules = (
			);
			dependencies = (
			);
			name = Mint;
			productName = Mint;
			productReference = 0A49C21E263163760035D6DE /* Mint.app */;
			productType = "com.apple.product-type.application";
		};
		0A49C22E263163780035D6DE /* MintTests */ = {
			isa = PBXNativeTarget;
			buildConfigurationList = 0A49C246263163780035D6DE /* Build configuration list for PBXNativeTarget "MintTests" */;
			buildPhases = (
				0A49C22B263163780035D6DE /* Sources */,
				0A49C22C263163780035D6DE /* Frameworks */,
				0A49C22D263163780035D6DE /* Resources */,
			);
			buildRules = (
			);
			dependencies = (
				0A49C231263163780035D6DE /* PBXTargetDependency */,
			);
			name = MintTests;
			productName = MintTests;
			productReference = 0A49C22F263163780035D6DE /* MintTests.xctest */;
			productType = "com.apple.product-type.bundle.unit-test";
		};
		0A49C239263163780035D6DE /* MintUITests */ = {
			isa = PBXNativeTarget;
			buildConfigurationList = 0A49C249263163780035D6DE /* Build configuration list for PBXNativeTarget "MintUITests" */;
			buildPhases = (
				0A49C236263163780035D6DE /* Sources */,
				0A49C237263163780035D6DE /* Frameworks */,
				0A49C238263163780035D6DE /* Resources */,
			);
			buildRules = (
			);
			dependencies = (
				0A49C23C263163780035D6DE /* PBXTargetDependency */,
			);
			name = MintUITests;
			productName = MintUITests;
			productReference = 0A49C23A263163780035D6DE /* MintUITests.xctest */;
			productType = "com.apple.product-type.bundle.ui-testing";
		};
/* End PBXNativeTarget section */

/* Begin PBXProject section */
		0A49C216263163760035D6DE /* Project object */ = {
			isa = PBXProject;
			attributes = {
				LastSwiftUpdateCheck = 1230;
				LastUpgradeCheck = 1230;
				TargetAttributes = {
					0A49C21D263163760035D6DE = {
						CreatedOnToolsVersion = 12.3;
					};
					0A49C22E263163780035D6DE = {
						CreatedOnToolsVersion = 12.3;
						TestTargetID = 0A49C21D263163760035D6DE;
					};
					0A49C239263163780035D6DE = {
						CreatedOnToolsVersion = 12.3;
						TestTargetID = 0A49C21D263163760035D6DE;
					};
				};
			};
			buildConfigurationList = 0A49C219263163760035D6DE /* Build configuration list for PBXProject "Mint" */;
			compatibilityVersion = "Xcode 9.3";
			developmentRegion = en;
			hasScannedForEncodings = 0;
			knownRegions = (
				en,
				Base,
			);
			mainGroup = 0A49C215263163760035D6DE;
			productRefGroup = 0A49C21F263163760035D6DE /* Products */;
			projectDirPath = "";
			projectRoot = "";
			targets = (
				0A49C21D263163760035D6DE /* Mint */,
				0A49C22E263163780035D6DE /* MintTests */,
				0A49C239263163780035D6DE /* MintUITests */,
			);
		};
/* End PBXProject section */

/* Begin PBXResourcesBuildPhase section */
		0A49C21C263163760035D6DE /* Resources */ = {
			isa = PBXResourcesBuildPhase;
			buildActionMask = 2147483647;
			files = (
				0A49C229263163780035D6DE /* Preview Assets.xcassets in Resources */,
				0A49C226263163780035D6DE /* Assets.xcassets in Resources */,
			);
			runOnlyForDeploymentPostprocessing = 0;
		};
		0A49C22D263163780035D6DE /* Resources */ = {
			isa = PBXResourcesBuildPhase;
			buildActionMask = 2147483647;
			files = (
			);
			runOnlyForDeploymentPostprocessing = 0;
		};
		0A49C238263163780035D6DE /* Resources */ = {
			isa = PBXResourcesBuildPhase;
			buildActionMask = 2147483647;
			files = (
			);
			runOnlyForDeploymentPostprocessing = 0;
		};
/* End PBXResourcesBuildPhase section */

/* Begin PBXSourcesBuildPhase section */
		0A49C21A263163760035D6DE /* Sources */ = {
			isa = PBXSourcesBuildPhase;
			buildActionMask = 2147483647;
			files = (
				0ACD5E7026332072001FD17A /* TaskList.swift in Sources */,
				0A49C250263181EA0035D6DE /* TaskCardView.swift in Sources */,
				0A66EFA42631EBF30080D509 /* AddTaskView.swift in Sources */,
				0A49C2552631D0FA0035D6DE /* DoneButtonView.swift in Sources */,
				0A49C224263163760035D6DE /* ContentView.swift in Sources */,
				0ACD5E6B26331A48001FD17A /* Task.swift in Sources */,
				0A49C222263163760035D6DE /* MintApp.swift in Sources */,
			);
			runOnlyForDeploymentPostprocessing = 0;
		};
		0A49C22B263163780035D6DE /* Sources */ = {
			isa = PBXSourcesBuildPhase;
			buildActionMask = 2147483647;
			files = (
				0A49C234263163780035D6DE /* MintTests.swift in Sources */,
			);
			runOnlyForDeploymentPostprocessing = 0;
		};
		0A49C236263163780035D6DE /* Sources */ = {
			isa = PBXSourcesBuildPhase;
			buildActionMask = 2147483647;
			files = (
				0A49C23F263163780035D6DE /* MintUITests.swift in Sources */,
			);
			runOnlyForDeploymentPostprocessing = 0;
		};
/* End PBXSourcesBuildPhase section */

/* Begin PBXTargetDependency section */
		0A49C231263163780035D6DE /* PBXTargetDependency */ = {
			isa = PBXTargetDependency;
			target = 0A49C21D263163760035D6DE /* Mint */;
			targetProxy = 0A49C230263163780035D6DE /* PBXContainerItemProxy */;
		};
		0A49C23C263163780035D6DE /* PBXTargetDependency */ = {
			isa = PBXTargetDependency;
			target = 0A49C21D263163760035D6DE /* Mint */;
			targetProxy = 0A49C23B263163780035D6DE /* PBXContainerItemProxy */;
		};
/* End PBXTargetDependency section */

/* Begin XCBuildConfiguration section */
		0A49C241263163780035D6DE /* Debug */ = {
			isa = XCBuildConfiguration;
			buildSettings = {
				ALWAYS_SEARCH_USER_PATHS = NO;
				CLANG_ANALYZER_NONNULL = YES;
				CLANG_ANALYZER_NUMBER_OBJECT_CONVERSION = YES_AGGRESSIVE;
				CLANG_CXX_LANGUAGE_STANDARD = "gnu++14";
				CLANG_CXX_LIBRARY = "libc++";
				CLANG_ENABLE_MODULES = YES;
				CLANG_ENABLE_OBJC_ARC = YES;
				CLANG_ENABLE_OBJC_WEAK = YES;
				CLANG_WARN_BLOCK_CAPTURE_AUTORELEASING = YES;
				CLANG_WARN_BOOL_CONVERSION = YES;
				CLANG_WARN_COMMA = YES;
				CLANG_WARN_CONSTANT_CONVERSION = YES;
				CLANG_WARN_DEPRECATED_OBJC_IMPLEMENTATIONS = YES;
				CLANG_WARN_DIRECT_OBJC_ISA_USAGE = YES_ERROR;
				CLANG_WARN_DOCUMENTATION_COMMENTS = YES;
				CLANG_WARN_EMPTY_BODY = YES;
				CLANG_WARN_ENUM_CONVERSION = YES;
				CLANG_WARN_INFINITE_RECURSION = YES;
				CLANG_WARN_INT_CONVERSION = YES;
				CLANG_WARN_NON_LITERAL_NULL_CONVERSION = YES;
				CLANG_WARN_OBJC_IMPLICIT_RETAIN_SELF = YES;
				CLANG_WARN_OBJC_LITERAL_CONVERSION = YES;
				CLANG_WARN_OBJC_ROOT_CLASS = YES_ERROR;
				CLANG_WARN_QUOTED_INCLUDE_IN_FRAMEWORK_HEADER = YES;
				CLANG_WARN_RANGE_LOOP_ANALYSIS = YES;
				CLANG_WARN_STRICT_PROTOTYPES = YES;
				CLANG_WARN_SUSPICIOUS_MOVE = YES;
				CLANG_WARN_UNGUARDED_AVAILABILITY = YES_AGGRESSIVE;
				CLANG_WARN_UNREACHABLE_CODE = YES;
				CLANG_WARN__DUPLICATE_METHOD_MATCH = YES;
				COPY_PHASE_STRIP = NO;
				DEBUG_INFORMATION_FORMAT = dwarf;
				ENABLE_STRICT_OBJC_MSGSEND = YES;
				ENABLE_TESTABILITY = YES;
				GCC_C_LANGUAGE_STANDARD = gnu11;
				GCC_DYNAMIC_NO_PIC = NO;
				GCC_NO_COMMON_BLOCKS = YES;
				GCC_OPTIMIZATION_LEVEL = 0;
				GCC_PREPROCESSOR_DEFINITIONS = (
					"DEBUG=1",
					"$(inherited)",
				);
				GCC_WARN_64_TO_32_BIT_CONVERSION = YES;
				GCC_WARN_ABOUT_RETURN_TYPE = YES_ERROR;
				GCC_WARN_UNDECLARED_SELECTOR = YES;
				GCC_WARN_UNINITIALIZED_AUTOS = YES_AGGRESSIVE;
				GCC_WARN_UNUSED_FUNCTION = YES;
				GCC_WARN_UNUSED_VARIABLE = YES;
				IPHONEOS_DEPLOYMENT_TARGET = 14.3;
				MTL_ENABLE_DEBUG_INFO = INCLUDE_SOURCE;
				MTL_FAST_MATH = YES;
				ONLY_ACTIVE_ARCH = YES;
				SDKROOT = iphoneos;
				SWIFT_ACTIVE_COMPILATION_CONDITIONS = DEBUG;
				SWIFT_OPTIMIZATION_LEVEL = "-Onone";
			};
			name = Debug;
		};
		0A49C242263163780035D6DE /* Release */ = {
			isa = XCBuildConfiguration;
			buildSettings = {
				ALWAYS_SEARCH_USER_PATHS = NO;
				CLANG_ANALYZER_NONNULL = YES;
				CLANG_ANALYZER_NUMBER_OBJECT_CONVERSION = YES_AGGRESSIVE;
				CLANG_CXX_LANGUAGE_STANDARD = "gnu++14";
				CLANG_CXX_LIBRARY = "libc++";
				CLANG_ENABLE_MODULES = YES;
				CLANG_ENABLE_OBJC_ARC = YES;
				CLANG_ENABLE_OBJC_WEAK = YES;
				CLANG_WARN_BLOCK_CAPTURE_AUTORELEASING = YES;
				CLANG_WARN_BOOL_CONVERSION = YES;
				CLANG_WARN_COMMA = YES;
				CLANG_WARN_CONSTANT_CONVERSION = YES;
				CLANG_WARN_DEPRECATED_OBJC_IMPLEMENTATIONS = YES;
				CLANG_WARN_DIRECT_OBJC_ISA_USAGE = YES_ERROR;
				CLANG_WARN_DOCUMENTATION_COMMENTS = YES;
				CLANG_WARN_EMPTY_BODY = YES;
				CLANG_WARN_ENUM_CONVERSION = YES;
				CLANG_WARN_INFINITE_RECURSION = YES;
				CLANG_WARN_INT_CONVERSION = YES;
				CLANG_WARN_NON_LITERAL_NULL_CONVERSION = YES;
				CLANG_WARN_OBJC_IMPLICIT_RETAIN_SELF = YES;
				CLANG_WARN_OBJC_LITERAL_CONVERSION = YES;
				CLANG_WARN_OBJC_ROOT_CLASS = YES_ERROR;
				CLANG_WARN_QUOTED_INCLUDE_IN_FRAMEWORK_HEADER = YES;
				CLANG_WARN_RANGE_LOOP_ANALYSIS = YES;
				CLANG_WARN_STRICT_PROTOTYPES = YES;
				CLANG_WARN_SUSPICIOUS_MOVE = YES;
				CLANG_WARN_UNGUARDED_AVAILABILITY = YES_AGGRESSIVE;
				CLANG_WARN_UNREACHABLE_CODE = YES;
				CLANG_WARN__DUPLICATE_METHOD_MATCH = YES;
				COPY_PHASE_STRIP = NO;
				DEBUG_INFORMATION_FORMAT = "dwarf-with-dsym";
				ENABLE_NS_ASSERTIONS = NO;
				ENABLE_STRICT_OBJC_MSGSEND = YES;
				GCC_C_LANGUAGE_STANDARD = gnu11;
				GCC_NO_COMMON_BLOCKS = YES;
				GCC_WARN_64_TO_32_BIT_CONVERSION = YES;
				GCC_WARN_ABOUT_RETURN_TYPE = YES_ERROR;
				GCC_WARN_UNDECLARED_SELECTOR = YES;
				GCC_WARN_UNINITIALIZED_AUTOS = YES_AGGRESSIVE;
				GCC_WARN_UNUSED_FUNCTION = YES;
				GCC_WARN_UNUSED_VARIABLE = YES;
				IPHONEOS_DEPLOYMENT_TARGET = 14.3;
				MTL_ENABLE_DEBUG_INFO = NO;
				MTL_FAST_MATH = YES;
				SDKROOT = iphoneos;
				SWIFT_COMPILATION_MODE = wholemodule;
				SWIFT_OPTIMIZATION_LEVEL = "-O";
				VALIDATE_PRODUCT = YES;
			};
			name = Release;
		};
		0A49C244263163780035D6DE /* Debug */ = {
			isa = XCBuildConfiguration;
			buildSettings = {
				ASSETCATALOG_COMPILER_APPICON_NAME = AppIcon;
				ASSETCATALOG_COMPILER_GLOBAL_ACCENT_COLOR_NAME = AccentColor;
				CODE_SIGN_STYLE = Automatic;
				DEVELOPMENT_ASSET_PATHS = "\"Mint/Preview Content\"";
				DEVELOPMENT_TEAM = LHX55X52WC;
				ENABLE_PREVIEWS = YES;
				INFOPLIST_FILE = Mint/Info.plist;
				IPHONEOS_DEPLOYMENT_TARGET = 14.0;
				LD_RUNPATH_SEARCH_PATHS = (
					"$(inherited)",
					"@executable_path/Frameworks",
				);
				PRODUCT_BUNDLE_IDENTIFIER = com.mdnghtboy.Mint;
				PRODUCT_NAME = "$(TARGET_NAME)";
				SWIFT_VERSION = 5.0;
				TARGETED_DEVICE_FAMILY = "1,2";
			};
			name = Debug;
		};
		0A49C245263163780035D6DE /* Release */ = {
			isa = XCBuildConfiguration;
			buildSettings = {
				ASSETCATALOG_COMPILER_APPICON_NAME = AppIcon;
				ASSETCATALOG_COMPILER_GLOBAL_ACCENT_COLOR_NAME = AccentColor;
				CODE_SIGN_STYLE = Automatic;
				DEVELOPMENT_ASSET_PATHS = "\"Mint/Preview Content\"";
				DEVELOPMENT_TEAM = LHX55X52WC;
				ENABLE_PREVIEWS = YES;
				INFOPLIST_FILE = Mint/Info.plist;
				IPHONEOS_DEPLOYMENT_TARGET = 14.0;
				LD_RUNPATH_SEARCH_PATHS = (
					"$(inherited)",
					"@executable_path/Frameworks",
				);
				PRODUCT_BUNDLE_IDENTIFIER = com.mdnghtboy.Mint;
				PRODUCT_NAME = "$(TARGET_NAME)";
				SWIFT_VERSION = 5.0;
				TARGETED_DEVICE_FAMILY = "1,2";
			};
			name = Release;
		};
		0A49C247263163780035D6DE /* Debug */ = {
			isa = XCBuildConfiguration;
			buildSettings = {
				ALWAYS_EMBED_SWIFT_STANDARD_LIBRARIES = YES;
				BUNDLE_LOADER = "$(TEST_HOST)";
				CODE_SIGN_STYLE = Automatic;
				DEVELOPMENT_TEAM = LHX55X52WC;
				INFOPLIST_FILE = MintTests/Info.plist;
				IPHONEOS_DEPLOYMENT_TARGET = 14.0;
				LD_RUNPATH_SEARCH_PATHS = (
					"$(inherited)",
					"@executable_path/Frameworks",
					"@loader_path/Frameworks",
				);
				PRODUCT_BUNDLE_IDENTIFIER = com.mdnghtboy.MintTests;
				PRODUCT_NAME = "$(TARGET_NAME)";
				SWIFT_VERSION = 5.0;
				TARGETED_DEVICE_FAMILY = "1,2";
				TEST_HOST = "$(BUILT_PRODUCTS_DIR)/Mint.app/Mint";
			};
			name = Debug;
		};
		0A49C248263163780035D6DE /* Release */ = {
			isa = XCBuildConfiguration;
			buildSettings = {
				ALWAYS_EMBED_SWIFT_STANDARD_LIBRARIES = YES;
				BUNDLE_LOADER = "$(TEST_HOST)";
				CODE_SIGN_STYLE = Automatic;
				DEVELOPMENT_TEAM = LHX55X52WC;
				INFOPLIST_FILE = MintTests/Info.plist;
				IPHONEOS_DEPLOYMENT_TARGET = 14.0;
				LD_RUNPATH_SEARCH_PATHS = (
					"$(inherited)",
					"@executable_path/Frameworks",
					"@loader_path/Frameworks",
				);
				PRODUCT_BUNDLE_IDENTIFIER = com.mdnghtboy.MintTests;
				PRODUCT_NAME = "$(TARGET_NAME)";
				SWIFT_VERSION = 5.0;
				TARGETED_DEVICE_FAMILY = "1,2";
				TEST_HOST = "$(BUILT_PRODUCTS_DIR)/Mint.app/Mint";
			};
			name = Release;
		};
		0A49C24A263163780035D6DE /* Debug */ = {
			isa = XCBuildConfiguration;
			buildSettings = {
				ALWAYS_EMBED_SWIFT_STANDARD_LIBRARIES = YES;
				CODE_SIGN_STYLE = Automatic;
				DEVELOPMENT_TEAM = LHX55X52WC;
				INFOPLIST_FILE = MintUITests/Info.plist;
				LD_RUNPATH_SEARCH_PATHS = (
					"$(inherited)",
					"@executable_path/Frameworks",
					"@loader_path/Frameworks",
				);
				PRODUCT_BUNDLE_IDENTIFIER = com.mdnghtboy.MintUITests;
				PRODUCT_NAME = "$(TARGET_NAME)";
				SWIFT_VERSION = 5.0;
				TARGETED_DEVICE_FAMILY = "1,2";
				TEST_TARGET_NAME = Mint;
			};
			name = Debug;
		};
		0A49C24B263163780035D6DE /* Release */ = {
			isa = XCBuildConfiguration;
			buildSettings = {
				ALWAYS_EMBED_SWIFT_STANDARD_LIBRARIES = YES;
				CODE_SIGN_STYLE = Automatic;
				DEVELOPMENT_TEAM = LHX55X52WC;
				INFOPLIST_FILE = MintUITests/Info.plist;
				LD_RUNPATH_SEARCH_PATHS = (
					"$(inherited)",
					"@executable_path/Frameworks",
					"@loader_path/Frameworks",
				);
				PRODUCT_BUNDLE_IDENTIFIER = com.mdnghtboy.MintUITests;
				PRODUCT_NAME = "$(TARGET_NAME)";
				SWIFT_VERSION = 5.0;
				TARGETED_DEVICE_FAMILY = "1,2";
				TEST_TARGET_NAME = Mint;
			};
			name = Release;
		};
/* End XCBuildConfiguration section */

/* Begin XCConfigurationList section */
		0A49C219263163760035D6DE /* Build configuration list for PBXProject "Mint" */ = {
			isa = XCConfigurationList;
			buildConfigurations = (
				0A49C241263163780035D6DE /* Debug */,
				0A49C242263163780035D6DE /* Release */,
			);
			defaultConfigurationIsVisible = 0;
			defaultConfigurationName = Release;
		};
		0A49C243263163780035D6DE /* Build configuration list for PBXNativeTarget "Mint" */ = {
			isa = XCConfigurationList;
			buildConfigurations = (
				0A49C244263163780035D6DE /* Debug */,
				0A49C245263163780035D6DE /* Release */,
			);
			defaultConfigurationIsVisible = 0;
			defaultConfigurationName = Release;
		};
		0A49C246263163780035D6DE /* Build configuration list for PBXNativeTarget "MintTests" */ = {
			isa = XCConfigurationList;
			buildConfigurations = (
				0A49C247263163780035D6DE /* Debug */,
				0A49C248263163780035D6DE /* Release */,
			);
			defaultConfigurationIsVisible = 0;
			defaultConfigurationName = Release;
		};
		0A49C249263163780035D6DE /* Build configuration list for PBXNativeTarget "MintUITests" */ = {
			isa = XCConfigurationList;
			buildConfigurations = (
				0A49C24A263163780035D6DE /* Debug */,
				0A49C24B263163780035D6DE /* Release */,
			);
			defaultConfigurationIsVisible = 0;
			defaultConfigurationName = Release;
		};
/* End XCConfigurationList section */
	};
	rootObject = 0A49C216263163760035D6DE /* Project object */;
}
