// !$*UTF8*$!
{
	archiveVersion = 1;
	classes = {
	};
	objectVersion = 51;
	objects = {

/* Begin PBXBuildFile section */
		5E202D702677B16100299A11 /* TaskList.swift in Sources */ = {isa = PBXBuildFile; fileRef = 5E202D6F2677B16100299A11 /* TaskList.swift */; };
		5EB630902689F04D00B2690B /* SignInView.swift in Sources */ = {isa = PBXBuildFile; fileRef = 5EB6308F2689F04D00B2690B /* SignInView.swift */; };
		5EB630932689F1CD00B2690B /* SignUpView.swift in Sources */ = {isa = PBXBuildFile; fileRef = 5EB630922689F1CD00B2690B /* SignUpView.swift */; };
		5EB630982689F6EC00B2690B /* AccountView.swift in Sources */ = {isa = PBXBuildFile; fileRef = 5EB630972689F6EC00B2690B /* AccountView.swift */; };
		5EB6309A2689FC5D00B2690B /* CircleImage.swift in Sources */ = {isa = PBXBuildFile; fileRef = 5EB630992689FC5D00B2690B /* CircleImage.swift */; };
		5EE1E9342685397B0063C1F5 /* SignCheck.swift in Sources */ = {isa = PBXBuildFile; fileRef = 5EE1E9332685397B0063C1F5 /* SignCheck.swift */; };
		5EE1E9372685409F0063C1F5 /* AppDelegate.swift in Sources */ = {isa = PBXBuildFile; fileRef = 5EE1E9362685409F0063C1F5 /* AppDelegate.swift */; };
		5EE3FA0526851E39001E1BF2 /* GoogleService-Info.plist in Resources */ = {isa = PBXBuildFile; fileRef = 5EE3FA0426851E39001E1BF2 /* GoogleService-Info.plist */; };
		5EF400062670F7AA00C984E6 /* tasksData.json in Resources */ = {isa = PBXBuildFile; fileRef = 5EF400052670F7AA00C984E6 /* tasksData.json */; };
		5EF4000B2670FEE700C984E6 /* JsonDecoder.swift in Sources */ = {isa = PBXBuildFile; fileRef = 5EF4000A2670FEE700C984E6 /* JsonDecoder.swift */; };
		5EF4000D2671064500C984E6 /* MainView.swift in Sources */ = {isa = PBXBuildFile; fileRef = 5EF4000C2671064500C984E6 /* MainView.swift */; };
		5EF4000F2671071000C984E6 /* Trash.swift in Sources */ = {isa = PBXBuildFile; fileRef = 5EF4000E2671071000C984E6 /* Trash.swift */; };
		5EF400132671073300C984E6 /* Archive.swift in Sources */ = {isa = PBXBuildFile; fileRef = 5EF400122671073300C984E6 /* Archive.swift */; };
		6A6D0D7C65838BC1BC16F8B9 /* Pods_ToDobacedOnGuide.framework in Frameworks */ = {isa = PBXBuildFile; fileRef = E9A038E6FFD8FE9EAF254878 /* Pods_ToDobacedOnGuide.framework */; };
		6B7ECBC9265E7973009F799D /* ToDobacedOnGuideApp.swift in Sources */ = {isa = PBXBuildFile; fileRef = 6B7ECBC8265E7973009F799D /* ToDobacedOnGuideApp.swift */; };
		6B7ECBCD265E7975009F799D /* Assets.xcassets in Resources */ = {isa = PBXBuildFile; fileRef = 6B7ECBCC265E7975009F799D /* Assets.xcassets */; };
		6B7ECBD0265E7975009F799D /* Preview Assets.xcassets in Resources */ = {isa = PBXBuildFile; fileRef = 6B7ECBCF265E7975009F799D /* Preview Assets.xcassets */; };
		6B7ECBE4265E84E0009F799D /* StoreInformation.swift in Sources */ = {isa = PBXBuildFile; fileRef = 6B7ECBE3265E84E0009F799D /* StoreInformation.swift */; };
		6B7ECBE7265E851A009F799D /* RowsView.swift in Sources */ = {isa = PBXBuildFile; fileRef = 6B7ECBE6265E851A009F799D /* RowsView.swift */; };
		6BD80664265FB6AA00B10100 /* CheckButton.swift in Sources */ = {isa = PBXBuildFile; fileRef = 6BD80663265FB6AA00B10100 /* CheckButton.swift */; };
		6BD80667265FD79900B10100 /* RecoveryButton.swift in Sources */ = {isa = PBXBuildFile; fileRef = 6BD80666265FD79900B10100 /* RecoveryButton.swift */; };
		6BD8066A265FDF1200B10100 /* AddToDo.swift in Sources */ = {isa = PBXBuildFile; fileRef = 6BD80669265FDF1200B10100 /* AddToDo.swift */; };
/* End PBXBuildFile section */

/* Begin PBXFileReference section */
		5E202D6F2677B16100299A11 /* TaskList.swift */ = {isa = PBXFileReference; lastKnownFileType = sourcecode.swift; path = TaskList.swift; sourceTree = "<group>"; };
		5EB6308F2689F04D00B2690B /* SignInView.swift */ = {isa = PBXFileReference; lastKnownFileType = sourcecode.swift; path = SignInView.swift; sourceTree = "<group>"; };
		5EB630922689F1CD00B2690B /* SignUpView.swift */ = {isa = PBXFileReference; lastKnownFileType = sourcecode.swift; path = SignUpView.swift; sourceTree = "<group>"; };
		5EB630972689F6EC00B2690B /* AccountView.swift */ = {isa = PBXFileReference; lastKnownFileType = sourcecode.swift; path = AccountView.swift; sourceTree = "<group>"; };
		5EB630992689FC5D00B2690B /* CircleImage.swift */ = {isa = PBXFileReference; lastKnownFileType = sourcecode.swift; path = CircleImage.swift; sourceTree = "<group>"; };
		5EE1E9332685397B0063C1F5 /* SignCheck.swift */ = {isa = PBXFileReference; lastKnownFileType = sourcecode.swift; path = SignCheck.swift; sourceTree = "<group>"; };
		5EE1E9362685409F0063C1F5 /* AppDelegate.swift */ = {isa = PBXFileReference; lastKnownFileType = sourcecode.swift; path = AppDelegate.swift; sourceTree = "<group>"; };
		5EE3FA0426851E39001E1BF2 /* GoogleService-Info.plist */ = {isa = PBXFileReference; fileEncoding = 4; lastKnownFileType = text.plist.xml; path = "GoogleService-Info.plist"; sourceTree = "<group>"; };
		5EF400052670F7AA00C984E6 /* tasksData.json */ = {isa = PBXFileReference; lastKnownFileType = text.json; name = tasksData.json; path = "../../../../Library/Mobile Documents/com~apple~CloudDocs/tasksData.json"; sourceTree = "<group>"; };
		5EF4000A2670FEE700C984E6 /* JsonDecoder.swift */ = {isa = PBXFileReference; lastKnownFileType = sourcecode.swift; path = JsonDecoder.swift; sourceTree = "<group>"; };
		5EF4000C2671064500C984E6 /* MainView.swift */ = {isa = PBXFileReference; lastKnownFileType = sourcecode.swift; path = MainView.swift; sourceTree = "<group>"; };
		5EF4000E2671071000C984E6 /* Trash.swift */ = {isa = PBXFileReference; lastKnownFileType = sourcecode.swift; path = Trash.swift; sourceTree = "<group>"; };
		5EF400122671073300C984E6 /* Archive.swift */ = {isa = PBXFileReference; lastKnownFileType = sourcecode.swift; path = Archive.swift; sourceTree = "<group>"; };
		6B7ECBC5265E7973009F799D /* ToDobacedOnGuide.app */ = {isa = PBXFileReference; explicitFileType = wrapper.application; includeInIndex = 0; path = ToDobacedOnGuide.app; sourceTree = BUILT_PRODUCTS_DIR; };
		6B7ECBC8265E7973009F799D /* ToDobacedOnGuideApp.swift */ = {isa = PBXFileReference; lastKnownFileType = sourcecode.swift; path = ToDobacedOnGuideApp.swift; sourceTree = "<group>"; };
		6B7ECBCC265E7975009F799D /* Assets.xcassets */ = {isa = PBXFileReference; lastKnownFileType = folder.assetcatalog; path = Assets.xcassets; sourceTree = "<group>"; };
		6B7ECBCF265E7975009F799D /* Preview Assets.xcassets */ = {isa = PBXFileReference; lastKnownFileType = folder.assetcatalog; path = "Preview Assets.xcassets"; sourceTree = "<group>"; };
		6B7ECBD1265E7975009F799D /* Info.plist */ = {isa = PBXFileReference; lastKnownFileType = text.plist.xml; path = Info.plist; sourceTree = "<group>"; };
		6B7ECBE3265E84E0009F799D /* StoreInformation.swift */ = {isa = PBXFileReference; lastKnownFileType = sourcecode.swift; path = StoreInformation.swift; sourceTree = "<group>"; };
		6B7ECBE6265E851A009F799D /* RowsView.swift */ = {isa = PBXFileReference; lastKnownFileType = sourcecode.swift; path = RowsView.swift; sourceTree = "<group>"; };
		6BD80663265FB6AA00B10100 /* CheckButton.swift */ = {isa = PBXFileReference; lastKnownFileType = sourcecode.swift; path = CheckButton.swift; sourceTree = "<group>"; };
		6BD80666265FD79900B10100 /* RecoveryButton.swift */ = {isa = PBXFileReference; lastKnownFileType = sourcecode.swift; path = RecoveryButton.swift; sourceTree = "<group>"; };
		6BD80669265FDF1200B10100 /* AddToDo.swift */ = {isa = PBXFileReference; lastKnownFileType = sourcecode.swift; path = AddToDo.swift; sourceTree = "<group>"; };
		D9E3851337045F8C2FE94C0D /* Pods-ToDobacedOnGuide.release.xcconfig */ = {isa = PBXFileReference; includeInIndex = 1; lastKnownFileType = text.xcconfig; name = "Pods-ToDobacedOnGuide.release.xcconfig"; path = "Target Support Files/Pods-ToDobacedOnGuide/Pods-ToDobacedOnGuide.release.xcconfig"; sourceTree = "<group>"; };
		E9A038E6FFD8FE9EAF254878 /* Pods_ToDobacedOnGuide.framework */ = {isa = PBXFileReference; explicitFileType = wrapper.framework; includeInIndex = 0; path = Pods_ToDobacedOnGuide.framework; sourceTree = BUILT_PRODUCTS_DIR; };
		F056512F9E4C9389529C442F /* Pods-ToDobacedOnGuide.debug.xcconfig */ = {isa = PBXFileReference; includeInIndex = 1; lastKnownFileType = text.xcconfig; name = "Pods-ToDobacedOnGuide.debug.xcconfig"; path = "Target Support Files/Pods-ToDobacedOnGuide/Pods-ToDobacedOnGuide.debug.xcconfig"; sourceTree = "<group>"; };
/* End PBXFileReference section */

/* Begin PBXFrameworksBuildPhase section */
		6B7ECBC2265E7973009F799D /* Frameworks */ = {
			isa = PBXFrameworksBuildPhase;
			buildActionMask = 2147483647;
			files = (
				6A6D0D7C65838BC1BC16F8B9 /* Pods_ToDobacedOnGuide.framework in Frameworks */,
			);
			runOnlyForDeploymentPostprocessing = 0;
		};
/* End PBXFrameworksBuildPhase section */

/* Begin PBXGroup section */
		5E202D712677B16F00299A11 /* Helpers */ = {
			isa = PBXGroup;
			children = (
				5E202D6F2677B16100299A11 /* TaskList.swift */,
				5EF4000A2670FEE700C984E6 /* JsonDecoder.swift */,
				5EE1E9362685409F0063C1F5 /* AppDelegate.swift */,
				5EB630992689FC5D00B2690B /* CircleImage.swift */,
			);
			path = Helpers;
			sourceTree = "<group>";
		};
		5EB630942689F28800B2690B /* SignStep */ = {
			isa = PBXGroup;
			children = (
				5EE1E9332685397B0063C1F5 /* SignCheck.swift */,
				5EB6308F2689F04D00B2690B /* SignInView.swift */,
				5EB630922689F1CD00B2690B /* SignUpView.swift */,
			);
			path = SignStep;
			sourceTree = "<group>";
		};
		5EE1E935268540920063C1F5 /* Firebase */ = {
			isa = PBXGroup;
			children = (
			);
			path = Firebase;
			sourceTree = "<group>";
		};
		5EF400032670F34C00C984E6 /* Views */ = {
			isa = PBXGroup;
			children = (
				5EB630942689F28800B2690B /* SignStep */,
				6BD80669265FDF1200B10100 /* AddToDo.swift */,
				6B7ECBE6265E851A009F799D /* RowsView.swift */,
				5EF4000C2671064500C984E6 /* MainView.swift */,
				5EF400142671073F00C984E6 /* TabView */,
			);
			path = Views;
			sourceTree = "<group>";
		};
		5EF400042670F77800C984E6 /* Resourses */ = {
			isa = PBXGroup;
			children = (
				5EF400052670F7AA00C984E6 /* tasksData.json */,
			);
			path = Resourses;
			sourceTree = "<group>";
		};
		5EF400142671073F00C984E6 /* TabView */ = {
			isa = PBXGroup;
			children = (
				5EF4000E2671071000C984E6 /* Trash.swift */,
				5EF400122671073300C984E6 /* Archive.swift */,
				5EB630972689F6EC00B2690B /* AccountView.swift */,
			);
			path = TabView;
			sourceTree = "<group>";
		};
		5EF400152671107400C984E6 /* Buttons */ = {
			isa = PBXGroup;
			children = (
				6BD80663265FB6AA00B10100 /* CheckButton.swift */,
				6BD80666265FD79900B10100 /* RecoveryButton.swift */,
			);
			path = Buttons;
			sourceTree = "<group>";
		};
		6207D64A54BE6E54096634E1 /* Frameworks */ = {
			isa = PBXGroup;
			children = (
				E9A038E6FFD8FE9EAF254878 /* Pods_ToDobacedOnGuide.framework */,
			);
			name = Frameworks;
			sourceTree = "<group>";
		};
		6B7ECBBC265E7973009F799D = {
			isa = PBXGroup;
			children = (
				6B7ECBC7265E7973009F799D /* ToDobacedOnGuide */,
				6B7ECBC6265E7973009F799D /* Products */,
				D8B6A70B7CD6B45905BF3CD0 /* Pods */,
				6207D64A54BE6E54096634E1 /* Frameworks */,
			);
			sourceTree = "<group>";
		};
		6B7ECBC6265E7973009F799D /* Products */ = {
			isa = PBXGroup;
			children = (
				6B7ECBC5265E7973009F799D /* ToDobacedOnGuide.app */,
			);
			name = Products;
			sourceTree = "<group>";
		};
		6B7ECBC7265E7973009F799D /* ToDobacedOnGuide */ = {
			isa = PBXGroup;
			children = (
				5EE1E935268540920063C1F5 /* Firebase */,
				5EE3FA0426851E39001E1BF2 /* GoogleService-Info.plist */,
				5E202D712677B16F00299A11 /* Helpers */,
				5EF400152671107400C984E6 /* Buttons */,
				5EF400042670F77800C984E6 /* Resourses */,
				6B7ECBC8265E7973009F799D /* ToDobacedOnGuideApp.swift */,
				6B7ECBE3265E84E0009F799D /* StoreInformation.swift */,
				5EF400032670F34C00C984E6 /* Views */,
				6B7ECBCC265E7975009F799D /* Assets.xcassets */,
				6B7ECBD1265E7975009F799D /* Info.plist */,
				6B7ECBCE265E7975009F799D /* Preview Content */,
			);
			path = ToDobacedOnGuide;
			sourceTree = "<group>";
		};
		6B7ECBCE265E7975009F799D /* Preview Content */ = {
			isa = PBXGroup;
			children = (
				6B7ECBCF265E7975009F799D /* Preview Assets.xcassets */,
			);
			path = "Preview Content";
			sourceTree = "<group>";
		};
		D8B6A70B7CD6B45905BF3CD0 /* Pods */ = {
			isa = PBXGroup;
			children = (
				F056512F9E4C9389529C442F /* Pods-ToDobacedOnGuide.debug.xcconfig */,
				D9E3851337045F8C2FE94C0D /* Pods-ToDobacedOnGuide.release.xcconfig */,
			);
			path = Pods;
			sourceTree = "<group>";
		};
/* End PBXGroup section */

/* Begin PBXNativeTarget section */
		6B7ECBC4265E7973009F799D /* ToDobacedOnGuide */ = {
			isa = PBXNativeTarget;
			buildConfigurationList = 6B7ECBD4265E7975009F799D /* Build configuration list for PBXNativeTarget "ToDobacedOnGuide" */;
			buildPhases = (
				312B8E101563102D0B9BFFE7 /* [CP] Check Pods Manifest.lock */,
				6B7ECBC1265E7973009F799D /* Sources */,
				6B7ECBC2265E7973009F799D /* Frameworks */,
				6B7ECBC3265E7973009F799D /* Resources */,
				AF07837FA6E3299BAA584E76 /* [CP] Embed Pods Frameworks */,
			);
			buildRules = (
			);
			dependencies = (
			);
			name = ToDobacedOnGuide;
			productName = ToDobacedOnGuide;
			productReference = 6B7ECBC5265E7973009F799D /* ToDobacedOnGuide.app */;
			productType = "com.apple.product-type.application";
		};
/* End PBXNativeTarget section */

/* Begin PBXProject section */
		6B7ECBBD265E7973009F799D /* Project object */ = {
			isa = PBXProject;
			attributes = {
				LastSwiftUpdateCheck = 1240;
				LastUpgradeCheck = 1240;
				TargetAttributes = {
					6B7ECBC4265E7973009F799D = {
						CreatedOnToolsVersion = 12.4;
					};
				};
			};
			buildConfigurationList = 6B7ECBC0265E7973009F799D /* Build configuration list for PBXProject "ToDobacedOnGuide" */;
			compatibilityVersion = "Xcode 9.3";
			developmentRegion = en;
			hasScannedForEncodings = 0;
			knownRegions = (
				en,
				Base,
			);
			mainGroup = 6B7ECBBC265E7973009F799D;
			productRefGroup = 6B7ECBC6265E7973009F799D /* Products */;
			projectDirPath = "";
			projectRoot = "";
			targets = (
				6B7ECBC4265E7973009F799D /* ToDobacedOnGuide */,
			);
		};
/* End PBXProject section */

/* Begin PBXResourcesBuildPhase section */
		6B7ECBC3265E7973009F799D /* Resources */ = {
			isa = PBXResourcesBuildPhase;
			buildActionMask = 2147483647;
			files = (
				6B7ECBD0265E7975009F799D /* Preview Assets.xcassets in Resources */,
				5EE3FA0526851E39001E1BF2 /* GoogleService-Info.plist in Resources */,
				6B7ECBCD265E7975009F799D /* Assets.xcassets in Resources */,
				5EF400062670F7AA00C984E6 /* tasksData.json in Resources */,
			);
			runOnlyForDeploymentPostprocessing = 0;
		};
/* End PBXResourcesBuildPhase section */

/* Begin PBXShellScriptBuildPhase section */
		312B8E101563102D0B9BFFE7 /* [CP] Check Pods Manifest.lock */ = {
			isa = PBXShellScriptBuildPhase;
			buildActionMask = 2147483647;
			files = (
			);
			inputFileListPaths = (
			);
			inputPaths = (
				"${PODS_PODFILE_DIR_PATH}/Podfile.lock",
				"${PODS_ROOT}/Manifest.lock",
			);
			name = "[CP] Check Pods Manifest.lock";
			outputFileListPaths = (
			);
			outputPaths = (
				"$(DERIVED_FILE_DIR)/Pods-ToDobacedOnGuide-checkManifestLockResult.txt",
			);
			runOnlyForDeploymentPostprocessing = 0;
			shellPath = /bin/sh;
			shellScript = "diff \"${PODS_PODFILE_DIR_PATH}/Podfile.lock\" \"${PODS_ROOT}/Manifest.lock\" > /dev/null\nif [ $? != 0 ] ; then\n    # print error to STDERR\n    echo \"error: The sandbox is not in sync with the Podfile.lock. Run 'pod install' or update your CocoaPods installation.\" >&2\n    exit 1\nfi\n# This output is used by Xcode 'outputs' to avoid re-running this script phase.\necho \"SUCCESS\" > \"${SCRIPT_OUTPUT_FILE_0}\"\n";
			showEnvVarsInLog = 0;
		};
		AF07837FA6E3299BAA584E76 /* [CP] Embed Pods Frameworks */ = {
			isa = PBXShellScriptBuildPhase;
			buildActionMask = 2147483647;
			files = (
			);
			inputFileListPaths = (
				"${PODS_ROOT}/Target Support Files/Pods-ToDobacedOnGuide/Pods-ToDobacedOnGuide-frameworks-${CONFIGURATION}-input-files.xcfilelist",
			);
			name = "[CP] Embed Pods Frameworks";
			outputFileListPaths = (
				"${PODS_ROOT}/Target Support Files/Pods-ToDobacedOnGuide/Pods-ToDobacedOnGuide-frameworks-${CONFIGURATION}-output-files.xcfilelist",
			);
			runOnlyForDeploymentPostprocessing = 0;
			shellPath = /bin/sh;
			shellScript = "\"${PODS_ROOT}/Target Support Files/Pods-ToDobacedOnGuide/Pods-ToDobacedOnGuide-frameworks.sh\"\n";
			showEnvVarsInLog = 0;
		};
/* End PBXShellScriptBuildPhase section */

/* Begin PBXSourcesBuildPhase section */
		6B7ECBC1265E7973009F799D /* Sources */ = {
			isa = PBXSourcesBuildPhase;
			buildActionMask = 2147483647;
			files = (
				5E202D702677B16100299A11 /* TaskList.swift in Sources */,
				6B7ECBE7265E851A009F799D /* RowsView.swift in Sources */,
				5EE1E9342685397B0063C1F5 /* SignCheck.swift in Sources */,
				5EF4000D2671064500C984E6 /* MainView.swift in Sources */,
				5EB630982689F6EC00B2690B /* AccountView.swift in Sources */,
				6BD8066A265FDF1200B10100 /* AddToDo.swift in Sources */,
				6B7ECBE4265E84E0009F799D /* StoreInformation.swift in Sources */,
				6BD80664265FB6AA00B10100 /* CheckButton.swift in Sources */,
				5EB630902689F04D00B2690B /* SignInView.swift in Sources */,
				5EF4000F2671071000C984E6 /* Trash.swift in Sources */,
				5EF4000B2670FEE700C984E6 /* JsonDecoder.swift in Sources */,
				6B7ECBC9265E7973009F799D /* ToDobacedOnGuideApp.swift in Sources */,
				5EE1E9372685409F0063C1F5 /* AppDelegate.swift in Sources */,
				5EB630932689F1CD00B2690B /* SignUpView.swift in Sources */,
				5EB6309A2689FC5D00B2690B /* CircleImage.swift in Sources */,
				5EF400132671073300C984E6 /* Archive.swift in Sources */,
				6BD80667265FD79900B10100 /* RecoveryButton.swift in Sources */,
			);
			runOnlyForDeploymentPostprocessing = 0;
		};
/* End PBXSourcesBuildPhase section */

/* Begin XCBuildConfiguration section */
		6B7ECBD2265E7975009F799D /* Debug */ = {
			isa = XCBuildConfiguration;
			buildSettings = {
				ALWAYS_SEARCH_USER_PATHS = NO;
				CLANG_ANALYZER_NONNULL = YES;
				CLANG_ANALYZER_NUMBER_OBJECT_CONVERSION = YES_AGGRESSIVE;
				CLANG_CXX_LANGUAGE_STANDARD = "gnu++14";
				CLANG_CXX_LIBRARY = "libc++";
				CLANG_ENABLE_MODULES = YES;
				CLANG_ENABLE_OBJC_ARC = YES;
				CLANG_ENABLE_OBJC_WEAK = YES;
				CLANG_WARN_BLOCK_CAPTURE_AUTORELEASING = YES;
				CLANG_WARN_BOOL_CONVERSION = YES;
				CLANG_WARN_COMMA = YES;
				CLANG_WARN_CONSTANT_CONVERSION = YES;
				CLANG_WARN_DEPRECATED_OBJC_IMPLEMENTATIONS = YES;
				CLANG_WARN_DIRECT_OBJC_ISA_USAGE = YES_ERROR;
				CLANG_WARN_DOCUMENTATION_COMMENTS = YES;
				CLANG_WARN_EMPTY_BODY = YES;
				CLANG_WARN_ENUM_CONVERSION = YES;
				CLANG_WARN_INFINITE_RECURSION = YES;
				CLANG_WARN_INT_CONVERSION = YES;
				CLANG_WARN_NON_LITERAL_NULL_CONVERSION = YES;
				CLANG_WARN_OBJC_IMPLICIT_RETAIN_SELF = YES;
				CLANG_WARN_OBJC_LITERAL_CONVERSION = YES;
				CLANG_WARN_OBJC_ROOT_CLASS = YES_ERROR;
				CLANG_WARN_QUOTED_INCLUDE_IN_FRAMEWORK_HEADER = YES;
				CLANG_WARN_RANGE_LOOP_ANALYSIS = YES;
				CLANG_WARN_STRICT_PROTOTYPES = YES;
				CLANG_WARN_SUSPICIOUS_MOVE = YES;
				CLANG_WARN_UNGUARDED_AVAILABILITY = YES_AGGRESSIVE;
				CLANG_WARN_UNREACHABLE_CODE = YES;
				CLANG_WARN__DUPLICATE_METHOD_MATCH = YES;
				COPY_PHASE_STRIP = NO;
				DEBUG_INFORMATION_FORMAT = dwarf;
				ENABLE_STRICT_OBJC_MSGSEND = YES;
				ENABLE_TESTABILITY = YES;
				GCC_C_LANGUAGE_STANDARD = gnu11;
				GCC_DYNAMIC_NO_PIC = NO;
				GCC_NO_COMMON_BLOCKS = YES;
				GCC_OPTIMIZATION_LEVEL = 0;
				GCC_PREPROCESSOR_DEFINITIONS = (
					"DEBUG=1",
					"$(inherited)",
				);
				GCC_WARN_64_TO_32_BIT_CONVERSION = YES;
				GCC_WARN_ABOUT_RETURN_TYPE = YES_ERROR;
				GCC_WARN_UNDECLARED_SELECTOR = YES;
				GCC_WARN_UNINITIALIZED_AUTOS = YES_AGGRESSIVE;
				GCC_WARN_UNUSED_FUNCTION = YES;
				GCC_WARN_UNUSED_VARIABLE = YES;
				IPHONEOS_DEPLOYMENT_TARGET = 14.4;
				MTL_ENABLE_DEBUG_INFO = INCLUDE_SOURCE;
				MTL_FAST_MATH = YES;
				ONLY_ACTIVE_ARCH = YES;
				SDKROOT = iphoneos;
				SWIFT_ACTIVE_COMPILATION_CONDITIONS = DEBUG;
				SWIFT_OPTIMIZATION_LEVEL = "-Onone";
			};
			name = Debug;
		};
		6B7ECBD3265E7975009F799D /* Release */ = {
			isa = XCBuildConfiguration;
			buildSettings = {
				ALWAYS_SEARCH_USER_PATHS = NO;
				CLANG_ANALYZER_NONNULL = YES;
				CLANG_ANALYZER_NUMBER_OBJECT_CONVERSION = YES_AGGRESSIVE;
				CLANG_CXX_LANGUAGE_STANDARD = "gnu++14";
				CLANG_CXX_LIBRARY = "libc++";
				CLANG_ENABLE_MODULES = YES;
				CLANG_ENABLE_OBJC_ARC = YES;
				CLANG_ENABLE_OBJC_WEAK = YES;
				CLANG_WARN_BLOCK_CAPTURE_AUTORELEASING = YES;
				CLANG_WARN_BOOL_CONVERSION = YES;
				CLANG_WARN_COMMA = YES;
				CLANG_WARN_CONSTANT_CONVERSION = YES;
				CLANG_WARN_DEPRECATED_OBJC_IMPLEMENTATIONS = YES;
				CLANG_WARN_DIRECT_OBJC_ISA_USAGE = YES_ERROR;
				CLANG_WARN_DOCUMENTATION_COMMENTS = YES;
				CLANG_WARN_EMPTY_BODY = YES;
				CLANG_WARN_ENUM_CONVERSION = YES;
				CLANG_WARN_INFINITE_RECURSION = YES;
				CLANG_WARN_INT_CONVERSION = YES;
				CLANG_WARN_NON_LITERAL_NULL_CONVERSION = YES;
				CLANG_WARN_OBJC_IMPLICIT_RETAIN_SELF = YES;
				CLANG_WARN_OBJC_LITERAL_CONVERSION = YES;
				CLANG_WARN_OBJC_ROOT_CLASS = YES_ERROR;
				CLANG_WARN_QUOTED_INCLUDE_IN_FRAMEWORK_HEADER = YES;
				CLANG_WARN_RANGE_LOOP_ANALYSIS = YES;
				CLANG_WARN_STRICT_PROTOTYPES = YES;
				CLANG_WARN_SUSPICIOUS_MOVE = YES;
				CLANG_WARN_UNGUARDED_AVAILABILITY = YES_AGGRESSIVE;
				CLANG_WARN_UNREACHABLE_CODE = YES;
				CLANG_WARN__DUPLICATE_METHOD_MATCH = YES;
				COPY_PHASE_STRIP = NO;
				DEBUG_INFORMATION_FORMAT = "dwarf-with-dsym";
				ENABLE_NS_ASSERTIONS = NO;
				ENABLE_STRICT_OBJC_MSGSEND = YES;
				GCC_C_LANGUAGE_STANDARD = gnu11;
				GCC_NO_COMMON_BLOCKS = YES;
				GCC_WARN_64_TO_32_BIT_CONVERSION = YES;
				GCC_WARN_ABOUT_RETURN_TYPE = YES_ERROR;
				GCC_WARN_UNDECLARED_SELECTOR = YES;
				GCC_WARN_UNINITIALIZED_AUTOS = YES_AGGRESSIVE;
				GCC_WARN_UNUSED_FUNCTION = YES;
				GCC_WARN_UNUSED_VARIABLE = YES;
				IPHONEOS_DEPLOYMENT_TARGET = 14.4;
				MTL_ENABLE_DEBUG_INFO = NO;
				MTL_FAST_MATH = YES;
				SDKROOT = iphoneos;
				SWIFT_COMPILATION_MODE = wholemodule;
				SWIFT_OPTIMIZATION_LEVEL = "-O";
				VALIDATE_PRODUCT = YES;
			};
			name = Release;
		};
		6B7ECBD5265E7975009F799D /* Debug */ = {
			isa = XCBuildConfiguration;
			baseConfigurationReference = F056512F9E4C9389529C442F /* Pods-ToDobacedOnGuide.debug.xcconfig */;
			buildSettings = {
				ASSETCATALOG_COMPILER_APPICON_NAME = AppIcon;
				ASSETCATALOG_COMPILER_GLOBAL_ACCENT_COLOR_NAME = AccentColor;
				CODE_SIGN_STYLE = Automatic;
				DEVELOPMENT_ASSET_PATHS = "\"ToDobacedOnGuide/Preview Content\"";
				ENABLE_PREVIEWS = YES;
				INFOPLIST_FILE = ToDobacedOnGuide/Info.plist;
				IPHONEOS_DEPLOYMENT_TARGET = 14.0;
				LD_RUNPATH_SEARCH_PATHS = (
					"$(inherited)",
					"@executable_path/Frameworks",
				);
				PRODUCT_BUNDLE_IDENTIFIER = Garpix.ToDobacedOnGuide;
				PRODUCT_NAME = "$(TARGET_NAME)";
				SWIFT_VERSION = 5.0;
				TARGETED_DEVICE_FAMILY = "1,2";
			};
			name = Debug;
		};
		6B7ECBD6265E7975009F799D /* Release */ = {
			isa = XCBuildConfiguration;
			baseConfigurationReference = D9E3851337045F8C2FE94C0D /* Pods-ToDobacedOnGuide.release.xcconfig */;
			buildSettings = {
				ASSETCATALOG_COMPILER_APPICON_NAME = AppIcon;
				ASSETCATALOG_COMPILER_GLOBAL_ACCENT_COLOR_NAME = AccentColor;
				CODE_SIGN_STYLE = Automatic;
				DEVELOPMENT_ASSET_PATHS = "\"ToDobacedOnGuide/Preview Content\"";
				ENABLE_PREVIEWS = YES;
				INFOPLIST_FILE = ToDobacedOnGuide/Info.plist;
				IPHONEOS_DEPLOYMENT_TARGET = 14.0;
				LD_RUNPATH_SEARCH_PATHS = (
					"$(inherited)",
					"@executable_path/Frameworks",
				);
				PRODUCT_BUNDLE_IDENTIFIER = Garpix.ToDobacedOnGuide;
				PRODUCT_NAME = "$(TARGET_NAME)";
				SWIFT_VERSION = 5.0;
				TARGETED_DEVICE_FAMILY = "1,2";
			};
			name = Release;
		};
/* End XCBuildConfiguration section */

/* Begin XCConfigurationList section */
		6B7ECBC0265E7973009F799D /* Build configuration list for PBXProject "ToDobacedOnGuide" */ = {
			isa = XCConfigurationList;
			buildConfigurations = (
				6B7ECBD2265E7975009F799D /* Debug */,
				6B7ECBD3265E7975009F799D /* Release */,
			);
			defaultConfigurationIsVisible = 0;
			defaultConfigurationName = Release;
		};
		6B7ECBD4265E7975009F799D /* Build configuration list for PBXNativeTarget "ToDobacedOnGuide" */ = {
			isa = XCConfigurationList;
			buildConfigurations = (
				6B7ECBD5265E7975009F799D /* Debug */,
				6B7ECBD6265E7975009F799D /* Release */,
			);
			defaultConfigurationIsVisible = 0;
			defaultConfigurationName = Release;
		};
/* End XCConfigurationList section */
	};
	rootObject = 6B7ECBBD265E7973009F799D /* Project object */;
}
