// !$*UTF8*$!
{
	archiveVersion = 1;
	classes = {
	};
	objectVersion = 51;
	objects = {

/* Begin PBXBuildFile section */
		BC07F3B226890376001E7127 /* SignIn.swift in Sources */ = {isa = PBXBuildFile; fileRef = BC07F3B126890376001E7127 /* SignIn.swift */; };
		BC07F3B42689041D001E7127 /* SignUp.swift in Sources */ = {isa = PBXBuildFile; fileRef = BC07F3B32689041D001E7127 /* SignUp.swift */; };
		BC07F3BE268B68EA001E7127 /* Repository.swift in Sources */ = {isa = PBXBuildFile; fileRef = BC07F3BD268B68EA001E7127 /* Repository.swift */; };
		BC07F3C0268B764E001E7127 /* SignInUp.swift in Sources */ = {isa = PBXBuildFile; fileRef = BC07F3BF268B764E001E7127 /* SignInUp.swift */; };
		BC07F3C2268B8668001E7127 /* SearchBar.swift in Sources */ = {isa = PBXBuildFile; fileRef = BC07F3C1268B8668001E7127 /* SearchBar.swift */; };
		BC07F3C5268CD147001E7127 /* TaskVIewModel.swift in Sources */ = {isa = PBXBuildFile; fileRef = BC07F3C4268CD147001E7127 /* TaskVIewModel.swift */; };
		BC07F3CB268CE858001E7127 /* .gitignore in Resources */ = {isa = PBXBuildFile; fileRef = BC07F3CA268CE858001E7127 /* .gitignore */; };
		BCD44FD32685489700D1F5D4 /* Pods_ToDoList.framework in Frameworks */ = {isa = PBXBuildFile; fileRef = 12392363618886FEEADDC91D /* Pods_ToDoList.framework */; };
		BCD450332687908A00D1F5D4 /* GoogleService-Info.plist in Resources */ = {isa = PBXBuildFile; fileRef = BCD450322687908A00D1F5D4 /* GoogleService-Info.plist */; };
		BCE5B09D268530340070BC2B /* ToDoListApp.swift in Sources */ = {isa = PBXBuildFile; fileRef = BCE5B09C268530340070BC2B /* ToDoListApp.swift */; };
		BCE5B0A1268530350070BC2B /* Assets.xcassets in Resources */ = {isa = PBXBuildFile; fileRef = BCE5B0A0268530350070BC2B /* Assets.xcassets */; };
		BCE5B0A4268530350070BC2B /* Preview Assets.xcassets in Resources */ = {isa = PBXBuildFile; fileRef = BCE5B0A3268530350070BC2B /* Preview Assets.xcassets */; };
		BCE5B0AD268530920070BC2B /* ActionTrashButton.swift in Sources */ = {isa = PBXBuildFile; fileRef = BCE5B0AC268530920070BC2B /* ActionTrashButton.swift */; };
		BCE5B0AF268530B00070BC2B /* CheckButton.swift in Sources */ = {isa = PBXBuildFile; fileRef = BCE5B0AE268530B00070BC2B /* CheckButton.swift */; };
		BCE5B0B2268530F20070BC2B /* JsonConverter.swift in Sources */ = {isa = PBXBuildFile; fileRef = BCE5B0B1268530F20070BC2B /* JsonConverter.swift */; };
		BCE5B0B42685310F0070BC2B /* TaskList.swift in Sources */ = {isa = PBXBuildFile; fileRef = BCE5B0B32685310F0070BC2B /* TaskList.swift */; };
		BCE5B0B62685313B0070BC2B /* ToDoElement.swift in Sources */ = {isa = PBXBuildFile; fileRef = BCE5B0B52685313B0070BC2B /* ToDoElement.swift */; };
		BCE5B0B9268531910070BC2B /* AddToDoPage.swift in Sources */ = {isa = PBXBuildFile; fileRef = BCE5B0B8268531910070BC2B /* AddToDoPage.swift */; };
		BCE5B0BC268531E90070BC2B /* toDoData.json in Resources */ = {isa = PBXBuildFile; fileRef = BCE5B0BB268531E90070BC2B /* toDoData.json */; };
		BCE5B0BF2685321D0070BC2B /* Archive.swift in Sources */ = {isa = PBXBuildFile; fileRef = BCE5B0BE2685321D0070BC2B /* Archive.swift */; };
		BCE5B0C1268532380070BC2B /* MainView.swift in Sources */ = {isa = PBXBuildFile; fileRef = BCE5B0C0268532370070BC2B /* MainView.swift */; };
		BCE5B0C3268532780070BC2B /* ToDoListAdd.swift in Sources */ = {isa = PBXBuildFile; fileRef = BCE5B0C2268532780070BC2B /* ToDoListAdd.swift */; };
		BCE5B0C5268532990070BC2B /* Trash.swift in Sources */ = {isa = PBXBuildFile; fileRef = BCE5B0C4268532990070BC2B /* Trash.swift */; };
		BCE5B0C7268532C80070BC2B /* SignView.swift in Sources */ = {isa = PBXBuildFile; fileRef = BCE5B0C6268532C80070BC2B /* SignView.swift */; };
		BCE5B0CB268536260070BC2B /* AppDelegate.swift in Sources */ = {isa = PBXBuildFile; fileRef = BCE5B0CA268536260070BC2B /* AppDelegate.swift */; };
/* End PBXBuildFile section */

/* Begin PBXFileReference section */
		10CD328FC1EDEBAB2C0AB005 /* Pods-ToDoList.debug.xcconfig */ = {isa = PBXFileReference; includeInIndex = 1; lastKnownFileType = text.xcconfig; name = "Pods-ToDoList.debug.xcconfig"; path = "Target Support Files/Pods-ToDoList/Pods-ToDoList.debug.xcconfig"; sourceTree = "<group>"; };
		12392363618886FEEADDC91D /* Pods_ToDoList.framework */ = {isa = PBXFileReference; explicitFileType = wrapper.framework; includeInIndex = 0; path = Pods_ToDoList.framework; sourceTree = BUILT_PRODUCTS_DIR; };
		27FB1A8408864C7B328E383B /* Pods-ToDoList.release.xcconfig */ = {isa = PBXFileReference; includeInIndex = 1; lastKnownFileType = text.xcconfig; name = "Pods-ToDoList.release.xcconfig"; path = "Target Support Files/Pods-ToDoList/Pods-ToDoList.release.xcconfig"; sourceTree = "<group>"; };
		BC07F3B126890376001E7127 /* SignIn.swift */ = {isa = PBXFileReference; lastKnownFileType = sourcecode.swift; path = SignIn.swift; sourceTree = "<group>"; };
		BC07F3B32689041D001E7127 /* SignUp.swift */ = {isa = PBXFileReference; lastKnownFileType = sourcecode.swift; path = SignUp.swift; sourceTree = "<group>"; };
		BC07F3BD268B68EA001E7127 /* Repository.swift */ = {isa = PBXFileReference; lastKnownFileType = sourcecode.swift; path = Repository.swift; sourceTree = "<group>"; };
		BC07F3BF268B764E001E7127 /* SignInUp.swift */ = {isa = PBXFileReference; lastKnownFileType = sourcecode.swift; path = SignInUp.swift; sourceTree = "<group>"; };
		BC07F3C1268B8668001E7127 /* SearchBar.swift */ = {isa = PBXFileReference; lastKnownFileType = sourcecode.swift; path = SearchBar.swift; sourceTree = "<group>"; };
		BC07F3C4268CD147001E7127 /* TaskVIewModel.swift */ = {isa = PBXFileReference; lastKnownFileType = sourcecode.swift; path = TaskVIewModel.swift; sourceTree = "<group>"; };
		BC07F3CA268CE858001E7127 /* .gitignore */ = {isa = PBXFileReference; lastKnownFileType = text; path = .gitignore; sourceTree = "<group>"; };
		BCD450322687908A00D1F5D4 /* GoogleService-Info.plist */ = {isa = PBXFileReference; fileEncoding = 4; lastKnownFileType = text.plist.xml; name = "GoogleService-Info.plist"; path = "../../../Downloads/GoogleService-Info.plist"; sourceTree = "<group>"; };
		BCE5B099268530340070BC2B /* ToDoList.app */ = {isa = PBXFileReference; explicitFileType = wrapper.application; includeInIndex = 0; path = ToDoList.app; sourceTree = BUILT_PRODUCTS_DIR; };
		BCE5B09C268530340070BC2B /* ToDoListApp.swift */ = {isa = PBXFileReference; lastKnownFileType = sourcecode.swift; path = ToDoListApp.swift; sourceTree = "<group>"; };
		BCE5B0A0268530350070BC2B /* Assets.xcassets */ = {isa = PBXFileReference; lastKnownFileType = folder.assetcatalog; path = Assets.xcassets; sourceTree = "<group>"; };
		BCE5B0A3268530350070BC2B /* Preview Assets.xcassets */ = {isa = PBXFileReference; lastKnownFileType = folder.assetcatalog; path = "Preview Assets.xcassets"; sourceTree = "<group>"; };
		BCE5B0A5268530350070BC2B /* Info.plist */ = {isa = PBXFileReference; lastKnownFileType = text.plist.xml; path = Info.plist; sourceTree = "<group>"; };
		BCE5B0AC268530920070BC2B /* ActionTrashButton.swift */ = {isa = PBXFileReference; lastKnownFileType = sourcecode.swift; path = ActionTrashButton.swift; sourceTree = "<group>"; };
		BCE5B0AE268530B00070BC2B /* CheckButton.swift */ = {isa = PBXFileReference; lastKnownFileType = sourcecode.swift; path = CheckButton.swift; sourceTree = "<group>"; };
		BCE5B0B1268530F20070BC2B /* JsonConverter.swift */ = {isa = PBXFileReference; lastKnownFileType = sourcecode.swift; path = JsonConverter.swift; sourceTree = "<group>"; };
		BCE5B0B32685310F0070BC2B /* TaskList.swift */ = {isa = PBXFileReference; lastKnownFileType = sourcecode.swift; path = TaskList.swift; sourceTree = "<group>"; };
		BCE5B0B52685313B0070BC2B /* ToDoElement.swift */ = {isa = PBXFileReference; lastKnownFileType = sourcecode.swift; path = ToDoElement.swift; sourceTree = "<group>"; };
		BCE5B0B8268531910070BC2B /* AddToDoPage.swift */ = {isa = PBXFileReference; lastKnownFileType = sourcecode.swift; path = AddToDoPage.swift; sourceTree = "<group>"; };
		BCE5B0BB268531E90070BC2B /* toDoData.json */ = {isa = PBXFileReference; lastKnownFileType = text.json; path = toDoData.json; sourceTree = "<group>"; };
		BCE5B0BE2685321D0070BC2B /* Archive.swift */ = {isa = PBXFileReference; lastKnownFileType = sourcecode.swift; path = Archive.swift; sourceTree = "<group>"; };
		BCE5B0C0268532370070BC2B /* MainView.swift */ = {isa = PBXFileReference; lastKnownFileType = sourcecode.swift; path = MainView.swift; sourceTree = "<group>"; };
		BCE5B0C2268532780070BC2B /* ToDoListAdd.swift */ = {isa = PBXFileReference; lastKnownFileType = sourcecode.swift; path = ToDoListAdd.swift; sourceTree = "<group>"; };
		BCE5B0C4268532990070BC2B /* Trash.swift */ = {isa = PBXFileReference; lastKnownFileType = sourcecode.swift; path = Trash.swift; sourceTree = "<group>"; };
		BCE5B0C6268532C80070BC2B /* SignView.swift */ = {isa = PBXFileReference; lastKnownFileType = sourcecode.swift; path = SignView.swift; sourceTree = "<group>"; };
		BCE5B0CA268536260070BC2B /* AppDelegate.swift */ = {isa = PBXFileReference; lastKnownFileType = sourcecode.swift; path = AppDelegate.swift; sourceTree = "<group>"; };
/* End PBXFileReference section */

/* Begin PBXFrameworksBuildPhase section */
		BCE5B096268530340070BC2B /* Frameworks */ = {
			isa = PBXFrameworksBuildPhase;
			buildActionMask = 2147483647;
			files = (
				BCD44FD32685489700D1F5D4 /* Pods_ToDoList.framework in Frameworks */,
			);
			runOnlyForDeploymentPostprocessing = 0;
		};
/* End PBXFrameworksBuildPhase section */

/* Begin PBXGroup section */
		0390FBF3D4A0FB9BB1F07A71 /* Pods */ = {
			isa = PBXGroup;
			children = (
				10CD328FC1EDEBAB2C0AB005 /* Pods-ToDoList.debug.xcconfig */,
				27FB1A8408864C7B328E383B /* Pods-ToDoList.release.xcconfig */,
			);
			path = Pods;
			sourceTree = "<group>";
		};
		AD9C8E28645774EB1813780E /* Frameworks */ = {
			isa = PBXGroup;
			children = (
				12392363618886FEEADDC91D /* Pods_ToDoList.framework */,
			);
			name = Frameworks;
			sourceTree = "<group>";
		};
		BC07F3C3268CD128001E7127 /* ViewModel */ = {
			isa = PBXGroup;
			children = (
				BC07F3C4268CD147001E7127 /* TaskVIewModel.swift */,
				BCE5B0B32685310F0070BC2B /* TaskList.swift */,
			);
			path = ViewModel;
			sourceTree = "<group>";
		};
		BCD45034268793DB00D1F5D4 /* Firebase */ = {
			isa = PBXGroup;
			children = (
				BCE5B0CA268536260070BC2B /* AppDelegate.swift */,
				BC07F3BD268B68EA001E7127 /* Repository.swift */,
			);
			path = Firebase;
			sourceTree = "<group>";
		};
		BCE5B090268530340070BC2B = {
			isa = PBXGroup;
			children = (
				BCE5B09B268530340070BC2B /* ToDoList */,
				BCE5B09A268530340070BC2B /* Products */,
				0390FBF3D4A0FB9BB1F07A71 /* Pods */,
				AD9C8E28645774EB1813780E /* Frameworks */,
			);
			sourceTree = "<group>";
		};
		BCE5B09A268530340070BC2B /* Products */ = {
			isa = PBXGroup;
			children = (
				BCE5B099268530340070BC2B /* ToDoList.app */,
			);
			name = Products;
			sourceTree = "<group>";
		};
		BCE5B09B268530340070BC2B /* ToDoList */ = {
			isa = PBXGroup;
			children = (
				BC07F3C3268CD128001E7127 /* ViewModel */,
				BCD45034268793DB00D1F5D4 /* Firebase */,
				BCE5B0BD268532130070BC2B /* View */,
				BCE5B0BA268531D00070BC2B /* Resources */,
				BCE5B0B72685317F0070BC2B /* Models */,
				BCE5B0B0268530DC0070BC2B /* Helpers */,
				BCE5B0AB268530810070BC2B /* Components */,
				BCE5B0A0268530350070BC2B /* Assets.xcassets */,
				BCE5B0A5268530350070BC2B /* Info.plist */,
				BCD450322687908A00D1F5D4 /* GoogleService-Info.plist */,
				BCE5B0A2268530350070BC2B /* Preview Content */,
				BC07F3CA268CE858001E7127 /* .gitignore */,
			);
			path = ToDoList;
			sourceTree = "<group>";
		};
		BCE5B0A2268530350070BC2B /* Preview Content */ = {
			isa = PBXGroup;
			children = (
				BCE5B0A3268530350070BC2B /* Preview Assets.xcassets */,
			);
			path = "Preview Content";
			sourceTree = "<group>";
		};
		BCE5B0AB268530810070BC2B /* Components */ = {
			isa = PBXGroup;
			children = (
				BC07F3C1268B8668001E7127 /* SearchBar.swift */,
				BCE5B0AC268530920070BC2B /* ActionTrashButton.swift */,
				BCE5B0AE268530B00070BC2B /* CheckButton.swift */,
			);
			path = Components;
			sourceTree = "<group>";
		};
		BCE5B0B0268530DC0070BC2B /* Helpers */ = {
			isa = PBXGroup;
			children = (
				BCE5B0B1268530F20070BC2B /* JsonConverter.swift */,
				BCE5B0B52685313B0070BC2B /* ToDoElement.swift */,
				BC07F3BF268B764E001E7127 /* SignInUp.swift */,
			);
			path = Helpers;
			sourceTree = "<group>";
		};
		BCE5B0B72685317F0070BC2B /* Models */ = {
			isa = PBXGroup;
			children = (
				BCE5B09C268530340070BC2B /* ToDoListApp.swift */,
			);
			path = Models;
			sourceTree = "<group>";
		};
		BCE5B0BA268531D00070BC2B /* Resources */ = {
			isa = PBXGroup;
			children = (
				BCE5B0BB268531E90070BC2B /* toDoData.json */,
			);
			path = Resources;
			sourceTree = "<group>";
		};
		BCE5B0BD268532130070BC2B /* View */ = {
			isa = PBXGroup;
			children = (
				BCE5B0BE2685321D0070BC2B /* Archive.swift */,
				BCE5B0C0268532370070BC2B /* MainView.swift */,
				BCE5B0C2268532780070BC2B /* ToDoListAdd.swift */,
				BCE5B0C4268532990070BC2B /* Trash.swift */,
				BCE5B0C6268532C80070BC2B /* SignView.swift */,
				BCE5B0B8268531910070BC2B /* AddToDoPage.swift */,
				BC07F3B126890376001E7127 /* SignIn.swift */,
				BC07F3B32689041D001E7127 /* SignUp.swift */,
			);
			path = View;
			sourceTree = "<group>";
		};
/* End PBXGroup section */

/* Begin PBXNativeTarget section */
		BCE5B098268530340070BC2B /* ToDoList */ = {
			isa = PBXNativeTarget;
			buildConfigurationList = BCE5B0A8268530350070BC2B /* Build configuration list for PBXNativeTarget "ToDoList" */;
			buildPhases = (
				DE2DDA5C2DDEC9F3314AE0C8 /* [CP] Check Pods Manifest.lock */,
				BCE5B095268530340070BC2B /* Sources */,
				BCE5B096268530340070BC2B /* Frameworks */,
				BCE5B097268530340070BC2B /* Resources */,
				676E6EB770885B8C66B300EC /* [CP] Embed Pods Frameworks */,
			);
			buildRules = (
			);
			dependencies = (
			);
			name = ToDoList;
			productName = ToDoList;
			productReference = BCE5B099268530340070BC2B /* ToDoList.app */;
			productType = "com.apple.product-type.application";
		};
/* End PBXNativeTarget section */

/* Begin PBXProject section */
		BCE5B091268530340070BC2B /* Project object */ = {
			isa = PBXProject;
			attributes = {
				LastSwiftUpdateCheck = 1250;
				LastUpgradeCheck = 1250;
				TargetAttributes = {
					BCE5B098268530340070BC2B = {
						CreatedOnToolsVersion = 12.5.1;
					};
				};
			};
			buildConfigurationList = BCE5B094268530340070BC2B /* Build configuration list for PBXProject "ToDoList" */;
			compatibilityVersion = "Xcode 9.3";
			developmentRegion = en;
			hasScannedForEncodings = 0;
			knownRegions = (
				en,
				Base,
			);
			mainGroup = BCE5B090268530340070BC2B;
			productRefGroup = BCE5B09A268530340070BC2B /* Products */;
			projectDirPath = "";
			projectRoot = "";
			targets = (
				BCE5B098268530340070BC2B /* ToDoList */,
			);
		};
/* End PBXProject section */

/* Begin PBXResourcesBuildPhase section */
		BCE5B097268530340070BC2B /* Resources */ = {
			isa = PBXResourcesBuildPhase;
			buildActionMask = 2147483647;
			files = (
				BC07F3CB268CE858001E7127 /* .gitignore in Resources */,
				BCE5B0A4268530350070BC2B /* Preview Assets.xcassets in Resources */,
				BCD450332687908A00D1F5D4 /* GoogleService-Info.plist in Resources */,
				BCE5B0BC268531E90070BC2B /* toDoData.json in Resources */,
				BCE5B0A1268530350070BC2B /* Assets.xcassets in Resources */,
			);
			runOnlyForDeploymentPostprocessing = 0;
		};
/* End PBXResourcesBuildPhase section */

/* Begin PBXShellScriptBuildPhase section */
		676E6EB770885B8C66B300EC /* [CP] Embed Pods Frameworks */ = {
			isa = PBXShellScriptBuildPhase;
			buildActionMask = 2147483647;
			files = (
			);
			inputFileListPaths = (
				"${PODS_ROOT}/Target Support Files/Pods-ToDoList/Pods-ToDoList-frameworks-${CONFIGURATION}-input-files.xcfilelist",
			);
			name = "[CP] Embed Pods Frameworks";
			outputFileListPaths = (
				"${PODS_ROOT}/Target Support Files/Pods-ToDoList/Pods-ToDoList-frameworks-${CONFIGURATION}-output-files.xcfilelist",
			);
			runOnlyForDeploymentPostprocessing = 0;
			shellPath = /bin/sh;
			shellScript = "\"${PODS_ROOT}/Target Support Files/Pods-ToDoList/Pods-ToDoList-frameworks.sh\"\n";
			showEnvVarsInLog = 0;
		};
		DE2DDA5C2DDEC9F3314AE0C8 /* [CP] Check Pods Manifest.lock */ = {
			isa = PBXShellScriptBuildPhase;
			buildActionMask = 2147483647;
			files = (
			);
			inputFileListPaths = (
			);
			inputPaths = (
				"${PODS_PODFILE_DIR_PATH}/Podfile.lock",
				"${PODS_ROOT}/Manifest.lock",
			);
			name = "[CP] Check Pods Manifest.lock";
			outputFileListPaths = (
			);
			outputPaths = (
				"$(DERIVED_FILE_DIR)/Pods-ToDoList-checkManifestLockResult.txt",
			);
			runOnlyForDeploymentPostprocessing = 0;
			shellPath = /bin/sh;
			shellScript = "diff \"${PODS_PODFILE_DIR_PATH}/Podfile.lock\" \"${PODS_ROOT}/Manifest.lock\" > /dev/null\nif [ $? != 0 ] ; then\n    # print error to STDERR\n    echo \"error: The sandbox is not in sync with the Podfile.lock. Run 'pod install' or update your CocoaPods installation.\" >&2\n    exit 1\nfi\n# This output is used by Xcode 'outputs' to avoid re-running this script phase.\necho \"SUCCESS\" > \"${SCRIPT_OUTPUT_FILE_0}\"\n";
			showEnvVarsInLog = 0;
		};
/* End PBXShellScriptBuildPhase section */

/* Begin PBXSourcesBuildPhase section */
		BCE5B095268530340070BC2B /* Sources */ = {
			isa = PBXSourcesBuildPhase;
			buildActionMask = 2147483647;
			files = (
				BC07F3C0268B764E001E7127 /* SignInUp.swift in Sources */,
				BCE5B0C5268532990070BC2B /* Trash.swift in Sources */,
				BCE5B0C7268532C80070BC2B /* SignView.swift in Sources */,
				BCE5B0B9268531910070BC2B /* AddToDoPage.swift in Sources */,
				BCE5B0BF2685321D0070BC2B /* Archive.swift in Sources */,
				BC07F3C2268B8668001E7127 /* SearchBar.swift in Sources */,
				BC07F3B42689041D001E7127 /* SignUp.swift in Sources */,
				BCE5B0B42685310F0070BC2B /* TaskList.swift in Sources */,
				BCE5B0C1268532380070BC2B /* MainView.swift in Sources */,
				BC07F3C5268CD147001E7127 /* TaskVIewModel.swift in Sources */,
				BCE5B0B62685313B0070BC2B /* ToDoElement.swift in Sources */,
				BC07F3B226890376001E7127 /* SignIn.swift in Sources */,
				BCE5B0B2268530F20070BC2B /* JsonConverter.swift in Sources */,
				BCE5B0CB268536260070BC2B /* AppDelegate.swift in Sources */,
				BCE5B0AD268530920070BC2B /* ActionTrashButton.swift in Sources */,
				BC07F3BE268B68EA001E7127 /* Repository.swift in Sources */,
				BCE5B0C3268532780070BC2B /* ToDoListAdd.swift in Sources */,
				BCE5B0AF268530B00070BC2B /* CheckButton.swift in Sources */,
				BCE5B09D268530340070BC2B /* ToDoListApp.swift in Sources */,
			);
			runOnlyForDeploymentPostprocessing = 0;
		};
/* End PBXSourcesBuildPhase section */

/* Begin XCBuildConfiguration section */
		BCE5B0A6268530350070BC2B /* Debug */ = {
			isa = XCBuildConfiguration;
			buildSettings = {
				ALWAYS_SEARCH_USER_PATHS = NO;
				CLANG_ANALYZER_NONNULL = YES;
				CLANG_ANALYZER_NUMBER_OBJECT_CONVERSION = YES_AGGRESSIVE;
				CLANG_CXX_LANGUAGE_STANDARD = "gnu++14";
				CLANG_CXX_LIBRARY = "libc++";
				CLANG_ENABLE_MODULES = YES;
				CLANG_ENABLE_OBJC_ARC = YES;
				CLANG_ENABLE_OBJC_WEAK = YES;
				CLANG_WARN_BLOCK_CAPTURE_AUTORELEASING = YES;
				CLANG_WARN_BOOL_CONVERSION = YES;
				CLANG_WARN_COMMA = YES;
				CLANG_WARN_CONSTANT_CONVERSION = YES;
				CLANG_WARN_DEPRECATED_OBJC_IMPLEMENTATIONS = YES;
				CLANG_WARN_DIRECT_OBJC_ISA_USAGE = YES_ERROR;
				CLANG_WARN_DOCUMENTATION_COMMENTS = YES;
				CLANG_WARN_EMPTY_BODY = YES;
				CLANG_WARN_ENUM_CONVERSION = YES;
				CLANG_WARN_INFINITE_RECURSION = YES;
				CLANG_WARN_INT_CONVERSION = YES;
				CLANG_WARN_NON_LITERAL_NULL_CONVERSION = YES;
				CLANG_WARN_OBJC_IMPLICIT_RETAIN_SELF = YES;
				CLANG_WARN_OBJC_LITERAL_CONVERSION = YES;
				CLANG_WARN_OBJC_ROOT_CLASS = YES_ERROR;
				CLANG_WARN_QUOTED_INCLUDE_IN_FRAMEWORK_HEADER = YES;
				CLANG_WARN_RANGE_LOOP_ANALYSIS = YES;
				CLANG_WARN_STRICT_PROTOTYPES = YES;
				CLANG_WARN_SUSPICIOUS_MOVE = YES;
				CLANG_WARN_UNGUARDED_AVAILABILITY = YES_AGGRESSIVE;
				CLANG_WARN_UNREACHABLE_CODE = YES;
				CLANG_WARN__DUPLICATE_METHOD_MATCH = YES;
				COPY_PHASE_STRIP = NO;
				DEBUG_INFORMATION_FORMAT = dwarf;
				ENABLE_STRICT_OBJC_MSGSEND = YES;
				ENABLE_TESTABILITY = YES;
				GCC_C_LANGUAGE_STANDARD = gnu11;
				GCC_DYNAMIC_NO_PIC = NO;
				GCC_NO_COMMON_BLOCKS = YES;
				GCC_OPTIMIZATION_LEVEL = 0;
				GCC_PREPROCESSOR_DEFINITIONS = (
					"DEBUG=1",
					"$(inherited)",
				);
				GCC_WARN_64_TO_32_BIT_CONVERSION = YES;
				GCC_WARN_ABOUT_RETURN_TYPE = YES_ERROR;
				GCC_WARN_UNDECLARED_SELECTOR = YES;
				GCC_WARN_UNINITIALIZED_AUTOS = YES_AGGRESSIVE;
				GCC_WARN_UNUSED_FUNCTION = YES;
				GCC_WARN_UNUSED_VARIABLE = YES;
				IPHONEOS_DEPLOYMENT_TARGET = 14.5;
				MTL_ENABLE_DEBUG_INFO = INCLUDE_SOURCE;
				MTL_FAST_MATH = YES;
				ONLY_ACTIVE_ARCH = YES;
				SDKROOT = iphoneos;
				SWIFT_ACTIVE_COMPILATION_CONDITIONS = DEBUG;
				SWIFT_OPTIMIZATION_LEVEL = "-Onone";
			};
			name = Debug;
		};
		BCE5B0A7268530350070BC2B /* Release */ = {
			isa = XCBuildConfiguration;
			buildSettings = {
				ALWAYS_SEARCH_USER_PATHS = NO;
				CLANG_ANALYZER_NONNULL = YES;
				CLANG_ANALYZER_NUMBER_OBJECT_CONVERSION = YES_AGGRESSIVE;
				CLANG_CXX_LANGUAGE_STANDARD = "gnu++14";
				CLANG_CXX_LIBRARY = "libc++";
				CLANG_ENABLE_MODULES = YES;
				CLANG_ENABLE_OBJC_ARC = YES;
				CLANG_ENABLE_OBJC_WEAK = YES;
				CLANG_WARN_BLOCK_CAPTURE_AUTORELEASING = YES;
				CLANG_WARN_BOOL_CONVERSION = YES;
				CLANG_WARN_COMMA = YES;
				CLANG_WARN_CONSTANT_CONVERSION = YES;
				CLANG_WARN_DEPRECATED_OBJC_IMPLEMENTATIONS = YES;
				CLANG_WARN_DIRECT_OBJC_ISA_USAGE = YES_ERROR;
				CLANG_WARN_DOCUMENTATION_COMMENTS = YES;
				CLANG_WARN_EMPTY_BODY = YES;
				CLANG_WARN_ENUM_CONVERSION = YES;
				CLANG_WARN_INFINITE_RECURSION = YES;
				CLANG_WARN_INT_CONVERSION = YES;
				CLANG_WARN_NON_LITERAL_NULL_CONVERSION = YES;
				CLANG_WARN_OBJC_IMPLICIT_RETAIN_SELF = YES;
				CLANG_WARN_OBJC_LITERAL_CONVERSION = YES;
				CLANG_WARN_OBJC_ROOT_CLASS = YES_ERROR;
				CLANG_WARN_QUOTED_INCLUDE_IN_FRAMEWORK_HEADER = YES;
				CLANG_WARN_RANGE_LOOP_ANALYSIS = YES;
				CLANG_WARN_STRICT_PROTOTYPES = YES;
				CLANG_WARN_SUSPICIOUS_MOVE = YES;
				CLANG_WARN_UNGUARDED_AVAILABILITY = YES_AGGRESSIVE;
				CLANG_WARN_UNREACHABLE_CODE = YES;
				CLANG_WARN__DUPLICATE_METHOD_MATCH = YES;
				COPY_PHASE_STRIP = NO;
				DEBUG_INFORMATION_FORMAT = "dwarf-with-dsym";
				ENABLE_NS_ASSERTIONS = NO;
				ENABLE_STRICT_OBJC_MSGSEND = YES;
				GCC_C_LANGUAGE_STANDARD = gnu11;
				GCC_NO_COMMON_BLOCKS = YES;
				GCC_WARN_64_TO_32_BIT_CONVERSION = YES;
				GCC_WARN_ABOUT_RETURN_TYPE = YES_ERROR;
				GCC_WARN_UNDECLARED_SELECTOR = YES;
				GCC_WARN_UNINITIALIZED_AUTOS = YES_AGGRESSIVE;
				GCC_WARN_UNUSED_FUNCTION = YES;
				GCC_WARN_UNUSED_VARIABLE = YES;
				IPHONEOS_DEPLOYMENT_TARGET = 14.5;
				MTL_ENABLE_DEBUG_INFO = NO;
				MTL_FAST_MATH = YES;
				SDKROOT = iphoneos;
				SWIFT_COMPILATION_MODE = wholemodule;
				SWIFT_OPTIMIZATION_LEVEL = "-O";
				VALIDATE_PRODUCT = YES;
			};
			name = Release;
		};
		BCE5B0A9268530350070BC2B /* Debug */ = {
			isa = XCBuildConfiguration;
			baseConfigurationReference = 10CD328FC1EDEBAB2C0AB005 /* Pods-ToDoList.debug.xcconfig */;
			buildSettings = {
				ASSETCATALOG_COMPILER_APPICON_NAME = AppIcon;
				ASSETCATALOG_COMPILER_GLOBAL_ACCENT_COLOR_NAME = AccentColor;
				CODE_SIGN_STYLE = Automatic;
				DEVELOPMENT_ASSET_PATHS = "\"ToDoList/Preview Content\"";
				DEVELOPMENT_TEAM = W5N8F8RRR8;
				ENABLE_PREVIEWS = YES;
				INFOPLIST_FILE = ToDoList/Info.plist;
				IPHONEOS_DEPLOYMENT_TARGET = 14.0;
				LD_RUNPATH_SEARCH_PATHS = (
					"$(inherited)",
					"@executable_path/Frameworks",
				);
				PRODUCT_BUNDLE_IDENTIFIER = Garpix.ToDoList;
				PRODUCT_NAME = "$(TARGET_NAME)";
				SWIFT_VERSION = 5.0;
				TARGETED_DEVICE_FAMILY = "1,2";
			};
			name = Debug;
		};
		BCE5B0AA268530350070BC2B /* Release */ = {
			isa = XCBuildConfiguration;
			baseConfigurationReference = 27FB1A8408864C7B328E383B /* Pods-ToDoList.release.xcconfig */;
			buildSettings = {
				ASSETCATALOG_COMPILER_APPICON_NAME = AppIcon;
				ASSETCATALOG_COMPILER_GLOBAL_ACCENT_COLOR_NAME = AccentColor;
				CODE_SIGN_STYLE = Automatic;
				DEVELOPMENT_ASSET_PATHS = "\"ToDoList/Preview Content\"";
				DEVELOPMENT_TEAM = W5N8F8RRR8;
				ENABLE_PREVIEWS = YES;
				INFOPLIST_FILE = ToDoList/Info.plist;
				IPHONEOS_DEPLOYMENT_TARGET = 14.0;
				LD_RUNPATH_SEARCH_PATHS = (
					"$(inherited)",
					"@executable_path/Frameworks",
				);
				PRODUCT_BUNDLE_IDENTIFIER = Garpix.ToDoList;
				PRODUCT_NAME = "$(TARGET_NAME)";
				SWIFT_VERSION = 5.0;
				TARGETED_DEVICE_FAMILY = "1,2";
			};
			name = Release;
		};
/* End XCBuildConfiguration section */

/* Begin XCConfigurationList section */
		BCE5B094268530340070BC2B /* Build configuration list for PBXProject "ToDoList" */ = {
			isa = XCConfigurationList;
			buildConfigurations = (
				BCE5B0A6268530350070BC2B /* Debug */,
				BCE5B0A7268530350070BC2B /* Release */,
			);
			defaultConfigurationIsVisible = 0;
			defaultConfigurationName = Release;
		};
		BCE5B0A8268530350070BC2B /* Build configuration list for PBXNativeTarget "ToDoList" */ = {
			isa = XCConfigurationList;
			buildConfigurations = (
				BCE5B0A9268530350070BC2B /* Debug */,
				BCE5B0AA268530350070BC2B /* Release */,
			);
			defaultConfigurationIsVisible = 0;
			defaultConfigurationName = Release;
		};
/* End XCConfigurationList section */
	};
	rootObject = BCE5B091268530340070BC2B /* Project object */;
}
