// !$*UTF8*$!
{
	archiveVersion = 1;
	classes = {
	};
	objectVersion = 50;
	objects = {

/* Begin PBXBuildFile section */
		5E395065265BCD3E00ADE703 /* TodoListApp.swift in Sources */ = {isa = PBXBuildFile; fileRef = 5E395064265BCD3E00ADE703 /* TodoListApp.swift */; };
		5E395067265BCD3E00ADE703 /* ContentView.swift in Sources */ = {isa = PBXBuildFile; fileRef = 5E395066265BCD3E00ADE703 /* ContentView.swift */; };
		5E395069265BCD4000ADE703 /* Assets.xcassets in Resources */ = {isa = PBXBuildFile; fileRef = 5E395068265BCD4000ADE703 /* Assets.xcassets */; };
		5E39506C265BCD4000ADE703 /* Preview Assets.xcassets in Resources */ = {isa = PBXBuildFile; fileRef = 5E39506B265BCD4000ADE703 /* Preview Assets.xcassets */; };
		5E39508F265BDBBC00ADE703 /* CircleImage.swift in Sources */ = {isa = PBXBuildFile; fileRef = 5E39508E265BDBBC00ADE703 /* CircleImage.swift */; };
		5E395091265BE61F00ADE703 /* MapView.swift in Sources */ = {isa = PBXBuildFile; fileRef = 5E395090265BE61F00ADE703 /* MapView.swift */; };
		5E7E4C29265D22EC00C4CC07 /* Landmark.swift in Sources */ = {isa = PBXBuildFile; fileRef = 5E7E4C28265D22EC00C4CC07 /* Landmark.swift */; };
		5E7E4C2B265D28BD00C4CC07 /* ModelData.swift in Sources */ = {isa = PBXBuildFile; fileRef = 5E7E4C2A265D28BD00C4CC07 /* ModelData.swift */; };
		5E7E4C2F265D2DBF00C4CC07 /* LandmarkRow.swift in Sources */ = {isa = PBXBuildFile; fileRef = 5E7E4C2E265D2DBF00C4CC07 /* LandmarkRow.swift */; };
		5E7E4C31265D2F8E00C4CC07 /* landmarkData.json in Resources */ = {isa = PBXBuildFile; fileRef = 5E7E4C30265D2F8E00C4CC07 /* landmarkData.json */; };
		5E7E4C35265D3CE200C4CC07 /* LandmarkList.swift in Sources */ = {isa = PBXBuildFile; fileRef = 5E7E4C34265D3CE200C4CC07 /* LandmarkList.swift */; };
		5E7E4C37265D413900C4CC07 /* LandmarakDetail.swift in Sources */ = {isa = PBXBuildFile; fileRef = 5E7E4C36265D413900C4CC07 /* LandmarakDetail.swift */; };
/* End PBXBuildFile section */

/* Begin PBXFileReference section */
		5E395061265BCD3E00ADE703 /* TodoList.app */ = {isa = PBXFileReference; explicitFileType = wrapper.application; includeInIndex = 0; path = TodoList.app; sourceTree = BUILT_PRODUCTS_DIR; };
		5E395064265BCD3E00ADE703 /* TodoListApp.swift */ = {isa = PBXFileReference; lastKnownFileType = sourcecode.swift; path = TodoListApp.swift; sourceTree = "<group>"; };
		5E395066265BCD3E00ADE703 /* ContentView.swift */ = {isa = PBXFileReference; lastKnownFileType = sourcecode.swift; path = ContentView.swift; sourceTree = "<group>"; };
		5E395068265BCD4000ADE703 /* Assets.xcassets */ = {isa = PBXFileReference; lastKnownFileType = folder.assetcatalog; path = Assets.xcassets; sourceTree = "<group>"; };
		5E39506B265BCD4000ADE703 /* Preview Assets.xcassets */ = {isa = PBXFileReference; lastKnownFileType = folder.assetcatalog; path = "Preview Assets.xcassets"; sourceTree = "<group>"; };
		5E39506D265BCD4000ADE703 /* Info.plist */ = {isa = PBXFileReference; lastKnownFileType = text.plist.xml; path = Info.plist; sourceTree = "<group>"; };
		5E39508E265BDBBC00ADE703 /* CircleImage.swift */ = {isa = PBXFileReference; lastKnownFileType = sourcecode.swift; path = CircleImage.swift; sourceTree = "<group>"; };
		5E395090265BE61F00ADE703 /* MapView.swift */ = {isa = PBXFileReference; lastKnownFileType = sourcecode.swift; path = MapView.swift; sourceTree = "<group>"; };
		5E7E4C28265D22EC00C4CC07 /* Landmark.swift */ = {isa = PBXFileReference; lastKnownFileType = sourcecode.swift; path = Landmark.swift; sourceTree = "<group>"; };
		5E7E4C2A265D28BD00C4CC07 /* ModelData.swift */ = {isa = PBXFileReference; lastKnownFileType = sourcecode.swift; path = ModelData.swift; sourceTree = "<group>"; };
		5E7E4C2E265D2DBF00C4CC07 /* LandmarkRow.swift */ = {isa = PBXFileReference; lastKnownFileType = sourcecode.swift; path = LandmarkRow.swift; sourceTree = "<group>"; };
		5E7E4C30265D2F8E00C4CC07 /* landmarkData.json */ = {isa = PBXFileReference; fileEncoding = 4; lastKnownFileType = text.json; name = landmarkData.json; path = ../../../../Downloads/BuildingListsAndNavigation/Resources/landmarkData.json; sourceTree = "<group>"; };
		5E7E4C34265D3CE200C4CC07 /* LandmarkList.swift */ = {isa = PBXFileReference; lastKnownFileType = sourcecode.swift; path = LandmarkList.swift; sourceTree = "<group>"; };
		5E7E4C36265D413900C4CC07 /* LandmarakDetail.swift */ = {isa = PBXFileReference; lastKnownFileType = sourcecode.swift; path = LandmarakDetail.swift; sourceTree = "<group>"; };
/* End PBXFileReference section */

/* Begin PBXFrameworksBuildPhase section */
		5E39505E265BCD3E00ADE703 /* Frameworks */ = {
			isa = PBXFrameworksBuildPhase;
			buildActionMask = 2147483647;
			files = (
			);
			runOnlyForDeploymentPostprocessing = 0;
		};
/* End PBXFrameworksBuildPhase section */

/* Begin PBXGroup section */
		5E395058265BCD3E00ADE703 = {
			isa = PBXGroup;
			children = (
				5E395063265BCD3E00ADE703 /* TodoList */,
			);
			sourceTree = "<group>";
		};
		5E395062265BCD3E00ADE703 /* Products */ = {
			isa = PBXGroup;
			children = (
				5E395061265BCD3E00ADE703 /* TodoList.app */,
			);
			name = Products;
			path = ..;
			sourceTree = "<group>";
		};
		5E395063265BCD3E00ADE703 /* TodoList */ = {
			isa = PBXGroup;
			children = (
				5E395064265BCD3E00ADE703 /* TodoListApp.swift */,
				5E7E4C2D265D2C3200C4CC07 /* Model group */,
				5E7E4C2C265D2C0000C4CC07 /* Views */,
				5E7E4C27265D222600C4CC07 /* Resources */,
				5E395062265BCD3E00ADE703 /* Products */,
				5E395068265BCD4000ADE703 /* Assets.xcassets */,
				5E39506D265BCD4000ADE703 /* Info.plist */,
				5E39506A265BCD4000ADE703 /* Preview Content */,
			);
			path = TodoList;
			sourceTree = "<group>";
		};
		5E39506A265BCD4000ADE703 /* Preview Content */ = {
			isa = PBXGroup;
			children = (
				5E39506B265BCD4000ADE703 /* Preview Assets.xcassets */,
			);
			path = "Preview Content";
			sourceTree = "<group>";
		};
		5E7E4C27265D222600C4CC07 /* Resources */ = {
			isa = PBXGroup;
			children = (
				5E7E4C30265D2F8E00C4CC07 /* landmarkData.json */,
			);
			path = Resources;
			sourceTree = "<group>";
		};
		5E7E4C2C265D2C0000C4CC07 /* Views */ = {
			isa = PBXGroup;
			children = (
				5E395066265BCD3E00ADE703 /* ContentView.swift */,
				5E39508E265BDBBC00ADE703 /* CircleImage.swift */,
				5E395090265BE61F00ADE703 /* MapView.swift */,
				5E7E4C2E265D2DBF00C4CC07 /* LandmarkRow.swift */,
				5E7E4C34265D3CE200C4CC07 /* LandmarkList.swift */,
				5E7E4C36265D413900C4CC07 /* LandmarakDetail.swift */,
			);
			path = Views;
			sourceTree = "<group>";
		};
		5E7E4C2D265D2C3200C4CC07 /* Model group */ = {
			isa = PBXGroup;
			children = (
				5E7E4C2A265D28BD00C4CC07 /* ModelData.swift */,
				5E7E4C28265D22EC00C4CC07 /* Landmark.swift */,
			);
			path = "Model group";
			sourceTree = "<group>";
		};
/* End PBXGroup section */

/* Begin PBXNativeTarget section */
		5E395060265BCD3E00ADE703 /* TodoList */ = {
			isa = PBXNativeTarget;
			buildConfigurationList = 5E395070265BCD4000ADE703 /* Build configuration list for PBXNativeTarget "TodoList" */;
			buildPhases = (
				5E39505D265BCD3E00ADE703 /* Sources */,
				5E39505E265BCD3E00ADE703 /* Frameworks */,
				5E39505F265BCD3E00ADE703 /* Resources */,
			);
			buildRules = (
			);
			dependencies = (
			);
			name = TodoList;
			productName = TodoList;
			productReference = 5E395061265BCD3E00ADE703 /* TodoList.app */;
			productType = "com.apple.product-type.application";
		};
/* End PBXNativeTarget section */

/* Begin PBXProject section */
		5E395059265BCD3E00ADE703 /* Project object */ = {
			isa = PBXProject;
			attributes = {
				LastSwiftUpdateCheck = 1250;
				LastUpgradeCheck = 1250;
				TargetAttributes = {
					5E395060265BCD3E00ADE703 = {
						CreatedOnToolsVersion = 12.5;
					};
				};
			};
			buildConfigurationList = 5E39505C265BCD3E00ADE703 /* Build configuration list for PBXProject "TodoList" */;
			compatibilityVersion = "Xcode 9.3";
			developmentRegion = en;
			hasScannedForEncodings = 0;
			knownRegions = (
				en,
				Base,
			);
			mainGroup = 5E395058265BCD3E00ADE703;
			productRefGroup = 5E395062265BCD3E00ADE703 /* Products */;
			projectDirPath = "";
			projectRoot = "";
			targets = (
				5E395060265BCD3E00ADE703 /* TodoList */,
			);
		};
/* End PBXProject section */

/* Begin PBXResourcesBuildPhase section */
		5E39505F265BCD3E00ADE703 /* Resources */ = {
			isa = PBXResourcesBuildPhase;
			buildActionMask = 2147483647;
			files = (
				5E39506C265BCD4000ADE703 /* Preview Assets.xcassets in Resources */,
				5E7E4C31265D2F8E00C4CC07 /* landmarkData.json in Resources */,
				5E395069265BCD4000ADE703 /* Assets.xcassets in Resources */,
			);
			runOnlyForDeploymentPostprocessing = 0;
		};
/* End PBXResourcesBuildPhase section */

/* Begin PBXSourcesBuildPhase section */
		5E39505D265BCD3E00ADE703 /* Sources */ = {
			isa = PBXSourcesBuildPhase;
			buildActionMask = 2147483647;
			files = (
				5E395067265BCD3E00ADE703 /* ContentView.swift in Sources */,
				5E395091265BE61F00ADE703 /* MapView.swift in Sources */,
				5E395065265BCD3E00ADE703 /* TodoListApp.swift in Sources */,
				5E7E4C35265D3CE200C4CC07 /* LandmarkList.swift in Sources */,
				5E39508F265BDBBC00ADE703 /* CircleImage.swift in Sources */,
				5E7E4C37265D413900C4CC07 /* LandmarakDetail.swift in Sources */,
				5E7E4C29265D22EC00C4CC07 /* Landmark.swift in Sources */,
				5E7E4C2F265D2DBF00C4CC07 /* LandmarkRow.swift in Sources */,
				5E7E4C2B265D28BD00C4CC07 /* ModelData.swift in Sources */,
			);
			runOnlyForDeploymentPostprocessing = 0;
		};
/* End PBXSourcesBuildPhase section */

/* Begin XCBuildConfiguration section */
		5E39506E265BCD4000ADE703 /* Debug */ = {
			isa = XCBuildConfiguration;
			buildSettings = {
				ALWAYS_SEARCH_USER_PATHS = NO;
				CLANG_ANALYZER_NONNULL = YES;
				CLANG_ANALYZER_NUMBER_OBJECT_CONVERSION = YES_AGGRESSIVE;
				CLANG_CXX_LANGUAGE_STANDARD = "gnu++14";
				CLANG_CXX_LIBRARY = "libc++";
				CLANG_ENABLE_MODULES = YES;
				CLANG_ENABLE_OBJC_ARC = YES;
				CLANG_ENABLE_OBJC_WEAK = YES;
				CLANG_WARN_BLOCK_CAPTURE_AUTORELEASING = YES;
				CLANG_WARN_BOOL_CONVERSION = YES;
				CLANG_WARN_COMMA = YES;
				CLANG_WARN_CONSTANT_CONVERSION = YES;
				CLANG_WARN_DEPRECATED_OBJC_IMPLEMENTATIONS = YES;
				CLANG_WARN_DIRECT_OBJC_ISA_USAGE = YES_ERROR;
				CLANG_WARN_DOCUMENTATION_COMMENTS = YES;
				CLANG_WARN_EMPTY_BODY = YES;
				CLANG_WARN_ENUM_CONVERSION = YES;
				CLANG_WARN_INFINITE_RECURSION = YES;
				CLANG_WARN_INT_CONVERSION = YES;
				CLANG_WARN_NON_LITERAL_NULL_CONVERSION = YES;
				CLANG_WARN_OBJC_IMPLICIT_RETAIN_SELF = YES;
				CLANG_WARN_OBJC_LITERAL_CONVERSION = YES;
				CLANG_WARN_OBJC_ROOT_CLASS = YES_ERROR;
				CLANG_WARN_QUOTED_INCLUDE_IN_FRAMEWORK_HEADER = YES;
				CLANG_WARN_RANGE_LOOP_ANALYSIS = YES;
				CLANG_WARN_STRICT_PROTOTYPES = YES;
				CLANG_WARN_SUSPICIOUS_MOVE = YES;
				CLANG_WARN_UNGUARDED_AVAILABILITY = YES_AGGRESSIVE;
				CLANG_WARN_UNREACHABLE_CODE = YES;
				CLANG_WARN__DUPLICATE_METHOD_MATCH = YES;
				COPY_PHASE_STRIP = NO;
				DEBUG_INFORMATION_FORMAT = dwarf;
				ENABLE_STRICT_OBJC_MSGSEND = YES;
				ENABLE_TESTABILITY = YES;
				GCC_C_LANGUAGE_STANDARD = gnu11;
				GCC_DYNAMIC_NO_PIC = NO;
				GCC_NO_COMMON_BLOCKS = YES;
				GCC_OPTIMIZATION_LEVEL = 0;
				GCC_PREPROCESSOR_DEFINITIONS = (
					"DEBUG=1",
					"$(inherited)",
				);
				GCC_WARN_64_TO_32_BIT_CONVERSION = YES;
				GCC_WARN_ABOUT_RETURN_TYPE = YES_ERROR;
				GCC_WARN_UNDECLARED_SELECTOR = YES;
				GCC_WARN_UNINITIALIZED_AUTOS = YES_AGGRESSIVE;
				GCC_WARN_UNUSED_FUNCTION = YES;
				GCC_WARN_UNUSED_VARIABLE = YES;
				IPHONEOS_DEPLOYMENT_TARGET = 14.5;
				MTL_ENABLE_DEBUG_INFO = INCLUDE_SOURCE;
				MTL_FAST_MATH = YES;
				ONLY_ACTIVE_ARCH = YES;
				SDKROOT = iphoneos;
				SWIFT_ACTIVE_COMPILATION_CONDITIONS = DEBUG;
				SWIFT_OPTIMIZATION_LEVEL = "-Onone";
			};
			name = Debug;
		};
		5E39506F265BCD4000ADE703 /* Release */ = {
			isa = XCBuildConfiguration;
			buildSettings = {
				ALWAYS_SEARCH_USER_PATHS = NO;
				CLANG_ANALYZER_NONNULL = YES;
				CLANG_ANALYZER_NUMBER_OBJECT_CONVERSION = YES_AGGRESSIVE;
				CLANG_CXX_LANGUAGE_STANDARD = "gnu++14";
				CLANG_CXX_LIBRARY = "libc++";
				CLANG_ENABLE_MODULES = YES;
				CLANG_ENABLE_OBJC_ARC = YES;
				CLANG_ENABLE_OBJC_WEAK = YES;
				CLANG_WARN_BLOCK_CAPTURE_AUTORELEASING = YES;
				CLANG_WARN_BOOL_CONVERSION = YES;
				CLANG_WARN_COMMA = YES;
				CLANG_WARN_CONSTANT_CONVERSION = YES;
				CLANG_WARN_DEPRECATED_OBJC_IMPLEMENTATIONS = YES;
				CLANG_WARN_DIRECT_OBJC_ISA_USAGE = YES_ERROR;
				CLANG_WARN_DOCUMENTATION_COMMENTS = YES;
				CLANG_WARN_EMPTY_BODY = YES;
				CLANG_WARN_ENUM_CONVERSION = YES;
				CLANG_WARN_INFINITE_RECURSION = YES;
				CLANG_WARN_INT_CONVERSION = YES;
				CLANG_WARN_NON_LITERAL_NULL_CONVERSION = YES;
				CLANG_WARN_OBJC_IMPLICIT_RETAIN_SELF = YES;
				CLANG_WARN_OBJC_LITERAL_CONVERSION = YES;
				CLANG_WARN_OBJC_ROOT_CLASS = YES_ERROR;
				CLANG_WARN_QUOTED_INCLUDE_IN_FRAMEWORK_HEADER = YES;
				CLANG_WARN_RANGE_LOOP_ANALYSIS = YES;
				CLANG_WARN_STRICT_PROTOTYPES = YES;
				CLANG_WARN_SUSPICIOUS_MOVE = YES;
				CLANG_WARN_UNGUARDED_AVAILABILITY = YES_AGGRESSIVE;
				CLANG_WARN_UNREACHABLE_CODE = YES;
				CLANG_WARN__DUPLICATE_METHOD_MATCH = YES;
				COPY_PHASE_STRIP = NO;
				DEBUG_INFORMATION_FORMAT = "dwarf-with-dsym";
				ENABLE_NS_ASSERTIONS = NO;
				ENABLE_STRICT_OBJC_MSGSEND = YES;
				GCC_C_LANGUAGE_STANDARD = gnu11;
				GCC_NO_COMMON_BLOCKS = YES;
				GCC_WARN_64_TO_32_BIT_CONVERSION = YES;
				GCC_WARN_ABOUT_RETURN_TYPE = YES_ERROR;
				GCC_WARN_UNDECLARED_SELECTOR = YES;
				GCC_WARN_UNINITIALIZED_AUTOS = YES_AGGRESSIVE;
				GCC_WARN_UNUSED_FUNCTION = YES;
				GCC_WARN_UNUSED_VARIABLE = YES;
				IPHONEOS_DEPLOYMENT_TARGET = 14.5;
				MTL_ENABLE_DEBUG_INFO = NO;
				MTL_FAST_MATH = YES;
				SDKROOT = iphoneos;
				SWIFT_COMPILATION_MODE = wholemodule;
				SWIFT_OPTIMIZATION_LEVEL = "-O";
				VALIDATE_PRODUCT = YES;
			};
			name = Release;
		};
		5E395071265BCD4000ADE703 /* Debug */ = {
			isa = XCBuildConfiguration;
			buildSettings = {
				ASSETCATALOG_COMPILER_APPICON_NAME = AppIcon;
				ASSETCATALOG_COMPILER_GLOBAL_ACCENT_COLOR_NAME = AccentColor;
				CODE_SIGN_STYLE = Automatic;
				DEVELOPMENT_ASSET_PATHS = "\"TodoList/Preview Content\"";
				ENABLE_PREVIEWS = YES;
				INFOPLIST_FILE = TodoList/Info.plist;
				IPHONEOS_DEPLOYMENT_TARGET = 14.0;
				LD_RUNPATH_SEARCH_PATHS = (
					"$(inherited)",
					"@executable_path/Frameworks",
				);
				PRODUCT_BUNDLE_IDENTIFIER = "shishki-corp..TodoList";
				PRODUCT_NAME = "$(TARGET_NAME)";
				SWIFT_VERSION = 5.0;
				TARGETED_DEVICE_FAMILY = "1,2";
			};
			name = Debug;
		};
		5E395072265BCD4000ADE703 /* Release */ = {
			isa = XCBuildConfiguration;
			buildSettings = {
				ASSETCATALOG_COMPILER_APPICON_NAME = AppIcon;
				ASSETCATALOG_COMPILER_GLOBAL_ACCENT_COLOR_NAME = AccentColor;
				CODE_SIGN_STYLE = Automatic;
				DEVELOPMENT_ASSET_PATHS = "\"TodoList/Preview Content\"";
				ENABLE_PREVIEWS = YES;
				INFOPLIST_FILE = TodoList/Info.plist;
				IPHONEOS_DEPLOYMENT_TARGET = 14.0;
				LD_RUNPATH_SEARCH_PATHS = (
					"$(inherited)",
					"@executable_path/Frameworks",
				);
				PRODUCT_BUNDLE_IDENTIFIER = "shishki-corp..TodoList";
				PRODUCT_NAME = "$(TARGET_NAME)";
				SWIFT_VERSION = 5.0;
				TARGETED_DEVICE_FAMILY = "1,2";
			};
			name = Release;
		};
/* End XCBuildConfiguration section */

/* Begin XCConfigurationList section */
		5E39505C265BCD3E00ADE703 /* Build configuration list for PBXProject "TodoList" */ = {
			isa = XCConfigurationList;
			buildConfigurations = (
				5E39506E265BCD4000ADE703 /* Debug */,
				5E39506F265BCD4000ADE703 /* Release */,
			);
			defaultConfigurationIsVisible = 0;
			defaultConfigurationName = Release;
		};
		5E395070265BCD4000ADE703 /* Build configuration list for PBXNativeTarget "TodoList" */ = {
			isa = XCConfigurationList;
			buildConfigurations = (
				5E395071265BCD4000ADE703 /* Debug */,
				5E395072265BCD4000ADE703 /* Release */,
			);
			defaultConfigurationIsVisible = 0;
			defaultConfigurationName = Release;
		};
/* End XCConfigurationList section */
	};
	rootObject = 5E395059265BCD3E00ADE703 /* Project object */;
}
